// !$*UTF8*$!
{
	archiveVersion = 1;
	classes = {
	};
	objectVersion = 46;
	objects = {

/* Begin PBXBuildFile section */
		220797571EDDFBB700B3C503 /* NonClickableView.swift in Sources */ = {isa = PBXBuildFile; fileRef = 220797561EDDFBB700B3C503 /* NonClickableView.swift */; };
		220797591EE1695700B3C503 /* Sparkle.framework in Frameworks */ = {isa = PBXBuildFile; fileRef = 220797581EE1695700B3C503 /* Sparkle.framework */; };
		2207975B1EE16F7200B3C503 /* Sparkle.framework in Embed Frameworks */ = {isa = PBXBuildFile; fileRef = 220797581EE1695700B3C503 /* Sparkle.framework */; settings = {ATTRIBUTES = (CodeSignOnCopy, RemoveHeadersOnCopy, ); }; };
		2219CB6A1EB357DC0053EE86 /* Data+XOR.swift in Sources */ = {isa = PBXBuildFile; fileRef = 2219CB691EB357DC0053EE86 /* Data+XOR.swift */; };
		221E636E1E3237A500944B1B /* StyleKit.swift in Sources */ = {isa = PBXBuildFile; fileRef = 221E636D1E3237A500944B1B /* StyleKit.swift */; };
		221E63731E36125700944B1B /* ArrowWindow.swift in Sources */ = {isa = PBXBuildFile; fileRef = 221E63721E36125700944B1B /* ArrowWindow.swift */; };
		221F86071E978AB6001097A8 /* loader_00000.png in Resources */ = {isa = PBXBuildFile; fileRef = 221F85E21E978AB5001097A8 /* loader_00000.png */; };
		221F86081E978AB6001097A8 /* loader_00001.png in Resources */ = {isa = PBXBuildFile; fileRef = 221F85E31E978AB5001097A8 /* loader_00001.png */; };
		221F86091E978AB6001097A8 /* loader_00002.png in Resources */ = {isa = PBXBuildFile; fileRef = 221F85E41E978AB5001097A8 /* loader_00002.png */; };
		221F860A1E978AB6001097A8 /* loader_00003.png in Resources */ = {isa = PBXBuildFile; fileRef = 221F85E51E978AB5001097A8 /* loader_00003.png */; };
		221F860B1E978AB6001097A8 /* loader_00004.png in Resources */ = {isa = PBXBuildFile; fileRef = 221F85E61E978AB5001097A8 /* loader_00004.png */; };
		221F860C1E978AB6001097A8 /* loader_00005.png in Resources */ = {isa = PBXBuildFile; fileRef = 221F85E71E978AB5001097A8 /* loader_00005.png */; };
		221F860D1E978AB6001097A8 /* loader_00006.png in Resources */ = {isa = PBXBuildFile; fileRef = 221F85E81E978AB5001097A8 /* loader_00006.png */; };
		221F860E1E978AB6001097A8 /* loader_00007.png in Resources */ = {isa = PBXBuildFile; fileRef = 221F85E91E978AB5001097A8 /* loader_00007.png */; };
		221F860F1E978AB6001097A8 /* loader_00008.png in Resources */ = {isa = PBXBuildFile; fileRef = 221F85EA1E978AB5001097A8 /* loader_00008.png */; };
		221F86101E978AB6001097A8 /* loader_00009.png in Resources */ = {isa = PBXBuildFile; fileRef = 221F85EB1E978AB5001097A8 /* loader_00009.png */; };
		221F86111E978AB6001097A8 /* loader_00010.png in Resources */ = {isa = PBXBuildFile; fileRef = 221F85EC1E978AB5001097A8 /* loader_00010.png */; };
		221F86121E978AB6001097A8 /* loader_00011.png in Resources */ = {isa = PBXBuildFile; fileRef = 221F85ED1E978AB5001097A8 /* loader_00011.png */; };
		221F86131E978AB6001097A8 /* loader_00012.png in Resources */ = {isa = PBXBuildFile; fileRef = 221F85EE1E978AB5001097A8 /* loader_00012.png */; };
		221F86141E978AB6001097A8 /* loader_00013.png in Resources */ = {isa = PBXBuildFile; fileRef = 221F85EF1E978AB5001097A8 /* loader_00013.png */; };
		221F86151E978AB6001097A8 /* loader_00014.png in Resources */ = {isa = PBXBuildFile; fileRef = 221F85F01E978AB5001097A8 /* loader_00014.png */; };
		221F86161E978AB6001097A8 /* loader_00015.png in Resources */ = {isa = PBXBuildFile; fileRef = 221F85F11E978AB5001097A8 /* loader_00015.png */; };
		221F86171E978AB6001097A8 /* loader_00016.png in Resources */ = {isa = PBXBuildFile; fileRef = 221F85F21E978AB5001097A8 /* loader_00016.png */; };
		221F86181E978AB6001097A8 /* loader_00017.png in Resources */ = {isa = PBXBuildFile; fileRef = 221F85F31E978AB5001097A8 /* loader_00017.png */; };
		221F86191E978AB6001097A8 /* loader_00018.png in Resources */ = {isa = PBXBuildFile; fileRef = 221F85F41E978AB5001097A8 /* loader_00018.png */; };
		221F861A1E978AB6001097A8 /* loader_00019.png in Resources */ = {isa = PBXBuildFile; fileRef = 221F85F51E978AB5001097A8 /* loader_00019.png */; };
		221F861B1E978AB6001097A8 /* loader_00020.png in Resources */ = {isa = PBXBuildFile; fileRef = 221F85F61E978AB5001097A8 /* loader_00020.png */; };
		221F861C1E978AB6001097A8 /* loader_00021.png in Resources */ = {isa = PBXBuildFile; fileRef = 221F85F71E978AB5001097A8 /* loader_00021.png */; };
		221F861D1E978AB6001097A8 /* loader_00022.png in Resources */ = {isa = PBXBuildFile; fileRef = 221F85F81E978AB5001097A8 /* loader_00022.png */; };
		221F861E1E978AB6001097A8 /* loader_00023.png in Resources */ = {isa = PBXBuildFile; fileRef = 221F85F91E978AB5001097A8 /* loader_00023.png */; };
		221F861F1E978AB6001097A8 /* loader_00024.png in Resources */ = {isa = PBXBuildFile; fileRef = 221F85FA1E978AB6001097A8 /* loader_00024.png */; };
		221F86201E978AB6001097A8 /* loader_00025.png in Resources */ = {isa = PBXBuildFile; fileRef = 221F85FB1E978AB6001097A8 /* loader_00025.png */; };
		221F86211E978AB6001097A8 /* loader_00026.png in Resources */ = {isa = PBXBuildFile; fileRef = 221F85FC1E978AB6001097A8 /* loader_00026.png */; };
		221F86221E978AB6001097A8 /* loader_00027.png in Resources */ = {isa = PBXBuildFile; fileRef = 221F85FD1E978AB6001097A8 /* loader_00027.png */; };
		221F86231E978AB6001097A8 /* loader_00028.png in Resources */ = {isa = PBXBuildFile; fileRef = 221F85FE1E978AB6001097A8 /* loader_00028.png */; };
		221F86241E978AB6001097A8 /* loader_00029.png in Resources */ = {isa = PBXBuildFile; fileRef = 221F85FF1E978AB6001097A8 /* loader_00029.png */; };
		221F86251E978AB6001097A8 /* loader_00030.png in Resources */ = {isa = PBXBuildFile; fileRef = 221F86001E978AB6001097A8 /* loader_00030.png */; };
		221F86261E978AB6001097A8 /* loader_00031.png in Resources */ = {isa = PBXBuildFile; fileRef = 221F86011E978AB6001097A8 /* loader_00031.png */; };
		221F86271E978AB6001097A8 /* loader_00032.png in Resources */ = {isa = PBXBuildFile; fileRef = 221F86021E978AB6001097A8 /* loader_00032.png */; };
		221F86281E978AB6001097A8 /* loader_00033.png in Resources */ = {isa = PBXBuildFile; fileRef = 221F86031E978AB6001097A8 /* loader_00033.png */; };
		221F86291E978AB6001097A8 /* loader_00034.png in Resources */ = {isa = PBXBuildFile; fileRef = 221F86041E978AB6001097A8 /* loader_00034.png */; };
		221F862A1E978AB6001097A8 /* loader_00035.png in Resources */ = {isa = PBXBuildFile; fileRef = 221F86051E978AB6001097A8 /* loader_00035.png */; };
		221F862B1E978AB6001097A8 /* loader_00036.png in Resources */ = {isa = PBXBuildFile; fileRef = 221F86061E978AB6001097A8 /* loader_00036.png */; };
		221F869B1E978B31001097A8 /* loader_00000@2x.png in Resources */ = {isa = PBXBuildFile; fileRef = 221F86761E978B31001097A8 /* loader_00000@2x.png */; };
		221F869C1E978B31001097A8 /* loader_00001@2x.png in Resources */ = {isa = PBXBuildFile; fileRef = 221F86771E978B31001097A8 /* loader_00001@2x.png */; };
		221F869D1E978B31001097A8 /* loader_00002@2x.png in Resources */ = {isa = PBXBuildFile; fileRef = 221F86781E978B31001097A8 /* loader_00002@2x.png */; };
		221F869E1E978B31001097A8 /* loader_00003@2x.png in Resources */ = {isa = PBXBuildFile; fileRef = 221F86791E978B31001097A8 /* loader_00003@2x.png */; };
		221F869F1E978B31001097A8 /* loader_00004@2x.png in Resources */ = {isa = PBXBuildFile; fileRef = 221F867A1E978B31001097A8 /* loader_00004@2x.png */; };
		221F86A01E978B31001097A8 /* loader_00005@2x.png in Resources */ = {isa = PBXBuildFile; fileRef = 221F867B1E978B31001097A8 /* loader_00005@2x.png */; };
		221F86A11E978B31001097A8 /* loader_00006@2x.png in Resources */ = {isa = PBXBuildFile; fileRef = 221F867C1E978B31001097A8 /* loader_00006@2x.png */; };
		221F86A21E978B31001097A8 /* loader_00007@2x.png in Resources */ = {isa = PBXBuildFile; fileRef = 221F867D1E978B31001097A8 /* loader_00007@2x.png */; };
		221F86A31E978B31001097A8 /* loader_00008@2x.png in Resources */ = {isa = PBXBuildFile; fileRef = 221F867E1E978B31001097A8 /* loader_00008@2x.png */; };
		221F86A41E978B31001097A8 /* loader_00009@2x.png in Resources */ = {isa = PBXBuildFile; fileRef = 221F867F1E978B31001097A8 /* loader_00009@2x.png */; };
		221F86A51E978B31001097A8 /* loader_00010@2x.png in Resources */ = {isa = PBXBuildFile; fileRef = 221F86801E978B31001097A8 /* loader_00010@2x.png */; };
		221F86A61E978B31001097A8 /* loader_00011@2x.png in Resources */ = {isa = PBXBuildFile; fileRef = 221F86811E978B31001097A8 /* loader_00011@2x.png */; };
		221F86A71E978B31001097A8 /* loader_00012@2x.png in Resources */ = {isa = PBXBuildFile; fileRef = 221F86821E978B31001097A8 /* loader_00012@2x.png */; };
		221F86A81E978B31001097A8 /* loader_00013@2x.png in Resources */ = {isa = PBXBuildFile; fileRef = 221F86831E978B31001097A8 /* loader_00013@2x.png */; };
		221F86A91E978B31001097A8 /* loader_00014@2x.png in Resources */ = {isa = PBXBuildFile; fileRef = 221F86841E978B31001097A8 /* loader_00014@2x.png */; };
		221F86AA1E978B31001097A8 /* loader_00015@2x.png in Resources */ = {isa = PBXBuildFile; fileRef = 221F86851E978B31001097A8 /* loader_00015@2x.png */; };
		221F86AB1E978B31001097A8 /* loader_00016@2x.png in Resources */ = {isa = PBXBuildFile; fileRef = 221F86861E978B31001097A8 /* loader_00016@2x.png */; };
		221F86AC1E978B31001097A8 /* loader_00017@2x.png in Resources */ = {isa = PBXBuildFile; fileRef = 221F86871E978B31001097A8 /* loader_00017@2x.png */; };
		221F86AD1E978B31001097A8 /* loader_00018@2x.png in Resources */ = {isa = PBXBuildFile; fileRef = 221F86881E978B31001097A8 /* loader_00018@2x.png */; };
		221F86AE1E978B31001097A8 /* loader_00019@2x.png in Resources */ = {isa = PBXBuildFile; fileRef = 221F86891E978B31001097A8 /* loader_00019@2x.png */; };
		221F86AF1E978B31001097A8 /* loader_00020@2x.png in Resources */ = {isa = PBXBuildFile; fileRef = 221F868A1E978B31001097A8 /* loader_00020@2x.png */; };
		221F86B01E978B31001097A8 /* loader_00021@2x.png in Resources */ = {isa = PBXBuildFile; fileRef = 221F868B1E978B31001097A8 /* loader_00021@2x.png */; };
		221F86B11E978B31001097A8 /* loader_00022@2x.png in Resources */ = {isa = PBXBuildFile; fileRef = 221F868C1E978B31001097A8 /* loader_00022@2x.png */; };
		221F86B21E978B31001097A8 /* loader_00023@2x.png in Resources */ = {isa = PBXBuildFile; fileRef = 221F868D1E978B31001097A8 /* loader_00023@2x.png */; };
		221F86B31E978B31001097A8 /* loader_00024@2x.png in Resources */ = {isa = PBXBuildFile; fileRef = 221F868E1E978B31001097A8 /* loader_00024@2x.png */; };
		221F86B41E978B31001097A8 /* loader_00025@2x.png in Resources */ = {isa = PBXBuildFile; fileRef = 221F868F1E978B31001097A8 /* loader_00025@2x.png */; };
		221F86B51E978B31001097A8 /* loader_00026@2x.png in Resources */ = {isa = PBXBuildFile; fileRef = 221F86901E978B31001097A8 /* loader_00026@2x.png */; };
		221F86B61E978B31001097A8 /* loader_00027@2x.png in Resources */ = {isa = PBXBuildFile; fileRef = 221F86911E978B31001097A8 /* loader_00027@2x.png */; };
		221F86B71E978B31001097A8 /* loader_00028@2x.png in Resources */ = {isa = PBXBuildFile; fileRef = 221F86921E978B31001097A8 /* loader_00028@2x.png */; };
		221F86B81E978B31001097A8 /* loader_00029@2x.png in Resources */ = {isa = PBXBuildFile; fileRef = 221F86931E978B31001097A8 /* loader_00029@2x.png */; };
		221F86B91E978B31001097A8 /* loader_00030@2x.png in Resources */ = {isa = PBXBuildFile; fileRef = 221F86941E978B31001097A8 /* loader_00030@2x.png */; };
		221F86BA1E978B31001097A8 /* loader_00031@2x.png in Resources */ = {isa = PBXBuildFile; fileRef = 221F86951E978B31001097A8 /* loader_00031@2x.png */; };
		221F86BB1E978B31001097A8 /* loader_00032@2x.png in Resources */ = {isa = PBXBuildFile; fileRef = 221F86961E978B31001097A8 /* loader_00032@2x.png */; };
		221F86BC1E978B31001097A8 /* loader_00033@2x.png in Resources */ = {isa = PBXBuildFile; fileRef = 221F86971E978B31001097A8 /* loader_00033@2x.png */; };
		221F86BD1E978B31001097A8 /* loader_00034@2x.png in Resources */ = {isa = PBXBuildFile; fileRef = 221F86981E978B31001097A8 /* loader_00034@2x.png */; };
		221F86BE1E978B31001097A8 /* loader_00035@2x.png in Resources */ = {isa = PBXBuildFile; fileRef = 221F86991E978B31001097A8 /* loader_00035@2x.png */; };
		221F86BF1E978B31001097A8 /* loader_00036@2x.png in Resources */ = {isa = PBXBuildFile; fileRef = 221F869A1E978B31001097A8 /* loader_00036@2x.png */; };
		221F86C11E978C70001097A8 /* AnimatedImageView.swift in Sources */ = {isa = PBXBuildFile; fileRef = 221F86C01E978C70001097A8 /* AnimatedImageView.swift */; };
		2223DE1D1E30F74800D7B0FE /* AppDelegate.swift in Sources */ = {isa = PBXBuildFile; fileRef = 2223DE1C1E30F74800D7B0FE /* AppDelegate.swift */; };
		2223DE1F1E30F74800D7B0FE /* Assets.xcassets in Resources */ = {isa = PBXBuildFile; fileRef = 2223DE1E1E30F74800D7B0FE /* Assets.xcassets */; };
		2223DE221E30F74800D7B0FE /* MainMenu.xib in Resources */ = {isa = PBXBuildFile; fileRef = 2223DE201E30F74800D7B0FE /* MainMenu.xib */; };
		2223DE2D1E30F74900D7B0FE /* FontYouTests.swift in Sources */ = {isa = PBXBuildFile; fileRef = 2223DE2C1E30F74900D7B0FE /* FontYouTests.swift */; };
		2223DE381E30F74900D7B0FE /* FontYouUITests.swift in Sources */ = {isa = PBXBuildFile; fileRef = 2223DE371E30F74900D7B0FE /* FontYouUITests.swift */; };
		2223DE471E30FA8A00D7B0FE /* MainViewController.swift in Sources */ = {isa = PBXBuildFile; fileRef = 2223DE451E30FA8A00D7B0FE /* MainViewController.swift */; };
		2223DE481E30FA8A00D7B0FE /* MainViewController.xib in Resources */ = {isa = PBXBuildFile; fileRef = 2223DE461E30FA8A00D7B0FE /* MainViewController.xib */; };
		2223DE4A1E30FC6C00D7B0FE /* EventMonitor.swift in Sources */ = {isa = PBXBuildFile; fileRef = 2223DE491E30FC6C00D7B0FE /* EventMonitor.swift */; };
		2223DE4C1E31177700D7B0FE /* DetachableWindow.swift in Sources */ = {isa = PBXBuildFile; fileRef = 2223DE4B1E31177700D7B0FE /* DetachableWindow.swift */; };
		2223DE501E3129E000D7B0FE /* Constants.swift in Sources */ = {isa = PBXBuildFile; fileRef = 2223DE4F1E3129E000D7B0FE /* Constants.swift */; };
		2223DE551E312E1000D7B0FE /* LogonViewController.swift in Sources */ = {isa = PBXBuildFile; fileRef = 2223DE531E312E1000D7B0FE /* LogonViewController.swift */; };
		2223DE561E312E1000D7B0FE /* LogonViewController.xib in Resources */ = {isa = PBXBuildFile; fileRef = 2223DE541E312E1000D7B0FE /* LogonViewController.xib */; };
		2223DE591E312E4F00D7B0FE /* ListingViewController.swift in Sources */ = {isa = PBXBuildFile; fileRef = 2223DE571E312E4F00D7B0FE /* ListingViewController.swift */; };
		2223DE5A1E312E4F00D7B0FE /* ListingViewController.xib in Resources */ = {isa = PBXBuildFile; fileRef = 2223DE581E312E4F00D7B0FE /* ListingViewController.xib */; };
		2223DE631E31531C00D7B0FE /* NSView+BackgroundColored.swift in Sources */ = {isa = PBXBuildFile; fileRef = 2223DE621E31531C00D7B0FE /* NSView+BackgroundColored.swift */; };
		22291ABD1EE9519E00625DBF /* String+InsensitivePrefix.swift in Sources */ = {isa = PBXBuildFile; fileRef = 22291ABC1EE9519E00625DBF /* String+InsensitivePrefix.swift */; };
		22291ABF1EE9558600625DBF /* VerticallyCenteredTextFieldCell.swift in Sources */ = {isa = PBXBuildFile; fileRef = 22291ABE1EE9558600625DBF /* VerticallyCenteredTextFieldCell.swift */; };
		222FEEE41EE8797B0045B4CB /* HoverButton.swift in Sources */ = {isa = PBXBuildFile; fileRef = 222FEEE31EE8797B0045B4CB /* HoverButton.swift */; };
		226212141E9B93B000E61B9C /* Security.framework in Frameworks */ = {isa = PBXBuildFile; fileRef = 226212131E9B93B000E61B9C /* Security.framework */; };
		2275FE7B1E76A91000B357E7 /* FontUtility.m in Sources */ = {isa = PBXBuildFile; fileRef = 2275FE7A1E76A91000B357E7 /* FontUtility.m */; };
		2275FE7D1E76A98A00B357E7 /* Fonts in Resources */ = {isa = PBXBuildFile; fileRef = 2275FE7C1E76A98A00B357E7 /* Fonts */; };
		2275FE801E76A9C300B357E7 /* FontStore.swift in Sources */ = {isa = PBXBuildFile; fileRef = 2275FE7F1E76A9C300B357E7 /* FontStore.swift */; };
		2275FE821E77002700B357E7 /* FamilyCellView.swift in Sources */ = {isa = PBXBuildFile; fileRef = 2275FE811E77002700B357E7 /* FamilyCellView.swift */; };
		2283BBB11E7709D90040A34E /* ListingRowView.swift in Sources */ = {isa = PBXBuildFile; fileRef = 2283BBB01E7709D90040A34E /* ListingRowView.swift */; };
		2283BBB31E7711DD0040A34E /* FontCellView.swift in Sources */ = {isa = PBXBuildFile; fileRef = 2283BBB21E7711DD0040A34E /* FontCellView.swift */; };
		2283BBB51E7734ED0040A34E /* OutlineView.swift in Sources */ = {isa = PBXBuildFile; fileRef = 2283BBB41E7734ED0040A34E /* OutlineView.swift */; };
		2283BBB71E77D31F0040A34E /* RoundedButton.swift in Sources */ = {isa = PBXBuildFile; fileRef = 2283BBB61E77D31F0040A34E /* RoundedButton.swift */; };
		2283BBB91E793C6F0040A34E /* IndicatorStackView.swift in Sources */ = {isa = PBXBuildFile; fileRef = 2283BBB81E793C6F0040A34E /* IndicatorStackView.swift */; };
		22B16A191E7AF2390012BAF0 /* RoundedView.swift in Sources */ = {isa = PBXBuildFile; fileRef = 22B16A181E7AF2390012BAF0 /* RoundedView.swift */; };
		22B16A1D1E7BE7F60012BAF0 /* Cartfile in Resources */ = {isa = PBXBuildFile; fileRef = 22B16A1C1E7BE7F60012BAF0 /* Cartfile */; };
		22B16A201E7BEB650012BAF0 /* Starscream.framework in Frameworks */ = {isa = PBXBuildFile; fileRef = 22B16A1E1E7BEB650012BAF0 /* Starscream.framework */; };
		22B16A211E7BEB650012BAF0 /* Starscream.framework in Embed Frameworks */ = {isa = PBXBuildFile; fileRef = 22B16A1E1E7BEB650012BAF0 /* Starscream.framework */; settings = {ATTRIBUTES = (CodeSignOnCopy, RemoveHeadersOnCopy, ); }; };
		22B16A221E7BEB650012BAF0 /* Alamofire.framework in Frameworks */ = {isa = PBXBuildFile; fileRef = 22B16A1F1E7BEB650012BAF0 /* Alamofire.framework */; };
		22B16A231E7BEB650012BAF0 /* Alamofire.framework in Embed Frameworks */ = {isa = PBXBuildFile; fileRef = 22B16A1F1E7BEB650012BAF0 /* Alamofire.framework */; settings = {ATTRIBUTES = (CodeSignOnCopy, RemoveHeadersOnCopy, ); }; };
		22B16A371E7BFCD50012BAF0 /* Bond.framework in Frameworks */ = {isa = PBXBuildFile; fileRef = 22B16A341E7BFCD50012BAF0 /* Bond.framework */; };
		22B16A381E7BFCD50012BAF0 /* Bond.framework in Embed Frameworks */ = {isa = PBXBuildFile; fileRef = 22B16A341E7BFCD50012BAF0 /* Bond.framework */; settings = {ATTRIBUTES = (CodeSignOnCopy, RemoveHeadersOnCopy, ); }; };
		22B16A391E7BFCD50012BAF0 /* ReactiveKit.framework in Frameworks */ = {isa = PBXBuildFile; fileRef = 22B16A351E7BFCD50012BAF0 /* ReactiveKit.framework */; };
		22B16A3A1E7BFCD50012BAF0 /* ReactiveKit.framework in Embed Frameworks */ = {isa = PBXBuildFile; fileRef = 22B16A351E7BFCD50012BAF0 /* ReactiveKit.framework */; settings = {ATTRIBUTES = (CodeSignOnCopy, RemoveHeadersOnCopy, ); }; };
		22B16A3B1E7BFCD50012BAF0 /* Diff.framework in Frameworks */ = {isa = PBXBuildFile; fileRef = 22B16A361E7BFCD50012BAF0 /* Diff.framework */; };
		22B16A3C1E7BFCD50012BAF0 /* Diff.framework in Embed Frameworks */ = {isa = PBXBuildFile; fileRef = 22B16A361E7BFCD50012BAF0 /* Diff.framework */; settings = {ATTRIBUTES = (CodeSignOnCopy, RemoveHeadersOnCopy, ); }; };
		22B16A3E1E7FD7550012BAF0 /* SecureTextFieldCell.swift in Sources */ = {isa = PBXBuildFile; fileRef = 22B16A3D1E7FD7550012BAF0 /* SecureTextFieldCell.swift */; };
		22B16A4E1E8010AB0012BAF0 /* Channel.swift in Sources */ = {isa = PBXBuildFile; fileRef = 22B16A491E8010AB0012BAF0 /* Channel.swift */; };
		22B16A4F1E8010AB0012BAF0 /* Presence.swift in Sources */ = {isa = PBXBuildFile; fileRef = 22B16A4A1E8010AB0012BAF0 /* Presence.swift */; };
		22B16A501E8010AB0012BAF0 /* Push.swift in Sources */ = {isa = PBXBuildFile; fileRef = 22B16A4B1E8010AB0012BAF0 /* Push.swift */; };
		22B16A511E8010AB0012BAF0 /* Response.swift in Sources */ = {isa = PBXBuildFile; fileRef = 22B16A4C1E8010AB0012BAF0 /* Response.swift */; };
		22B16A521E8010AB0012BAF0 /* Socket.swift in Sources */ = {isa = PBXBuildFile; fileRef = 22B16A4D1E8010AB0012BAF0 /* Socket.swift */; };
		22B16A561E801DC40012BAF0 /* ObjectMapper.framework in Frameworks */ = {isa = PBXBuildFile; fileRef = 22B16A551E801DC40012BAF0 /* ObjectMapper.framework */; };
		22B16A571E801DC40012BAF0 /* ObjectMapper.framework in Embed Frameworks */ = {isa = PBXBuildFile; fileRef = 22B16A551E801DC40012BAF0 /* ObjectMapper.framework */; settings = {ATTRIBUTES = (CodeSignOnCopy, RemoveHeadersOnCopy, ); }; };
		22B16A5E1E801DEB0012BAF0 /* ObjectMapper.framework.dSYM in CopyFiles */ = {isa = PBXBuildFile; fileRef = 22B16A581E801DEB0012BAF0 /* ObjectMapper.framework.dSYM */; };
		22B16A5F1E801DEB0012BAF0 /* Bond.framework.dSYM in CopyFiles */ = {isa = PBXBuildFile; fileRef = 22B16A591E801DEB0012BAF0 /* Bond.framework.dSYM */; };
		22B16A601E801DEB0012BAF0 /* ReactiveKit.framework.dSYM in CopyFiles */ = {isa = PBXBuildFile; fileRef = 22B16A5A1E801DEB0012BAF0 /* ReactiveKit.framework.dSYM */; };
		22B16A611E801DEB0012BAF0 /* Diff.framework.dSYM in CopyFiles */ = {isa = PBXBuildFile; fileRef = 22B16A5B1E801DEB0012BAF0 /* Diff.framework.dSYM */; };
		22B16A631E801ED20012BAF0 /* Catalog.swift in Sources */ = {isa = PBXBuildFile; fileRef = 22B16A621E801ED20012BAF0 /* Catalog.swift */; };
		22B16A671E82ADF10012BAF0 /* MutableObservableDictionary+Mappable.swift in Sources */ = {isa = PBXBuildFile; fileRef = 22B16A661E82ADF10012BAF0 /* MutableObservableDictionary+Mappable.swift */; };
		22DA52A51E7A75AE00697725 /* TabButton.swift in Sources */ = {isa = PBXBuildFile; fileRef = 22DA52A41E7A75AE00697725 /* TabButton.swift */; };
		22DA52A71E7A9EA200697725 /* AppFonts in Resources */ = {isa = PBXBuildFile; fileRef = 22DA52A61E7A9EA200697725 /* AppFonts */; };
		22EDFCDB1E72A81700D221C7 /* NSStatusBarButton+Highlighting.swift in Sources */ = {isa = PBXBuildFile; fileRef = 22EDFCDA1E72A81700D221C7 /* NSStatusBarButton+Highlighting.swift */; };
		DE47F9E11EFD4489009F6CE0 /* dsa_pub.pem in Resources */ = {isa = PBXBuildFile; fileRef = DE47F9E01EFD4489009F6CE0 /* dsa_pub.pem */; };
/* End PBXBuildFile section */

/* Begin PBXContainerItemProxy section */
		2223DE291E30F74900D7B0FE /* PBXContainerItemProxy */ = {
			isa = PBXContainerItemProxy;
			containerPortal = 2223DE111E30F74800D7B0FE /* Project object */;
			proxyType = 1;
			remoteGlobalIDString = 2223DE181E30F74800D7B0FE;
			remoteInfo = FontYou;
		};
		2223DE341E30F74900D7B0FE /* PBXContainerItemProxy */ = {
			isa = PBXContainerItemProxy;
			containerPortal = 2223DE111E30F74800D7B0FE /* Project object */;
			proxyType = 1;
			remoteGlobalIDString = 2223DE181E30F74800D7B0FE;
			remoteInfo = FontYou;
		};
/* End PBXContainerItemProxy section */

/* Begin PBXCopyFilesBuildPhase section */
		22B16A241E7BEB650012BAF0 /* Embed Frameworks */ = {
			isa = PBXCopyFilesBuildPhase;
			buildActionMask = 2147483647;
			dstPath = "";
			dstSubfolderSpec = 10;
			files = (
				22B16A571E801DC40012BAF0 /* ObjectMapper.framework in Embed Frameworks */,
				22B16A3A1E7BFCD50012BAF0 /* ReactiveKit.framework in Embed Frameworks */,
				22B16A381E7BFCD50012BAF0 /* Bond.framework in Embed Frameworks */,
				22B16A3C1E7BFCD50012BAF0 /* Diff.framework in Embed Frameworks */,
				2207975B1EE16F7200B3C503 /* Sparkle.framework in Embed Frameworks */,
				22B16A211E7BEB650012BAF0 /* Starscream.framework in Embed Frameworks */,
				22B16A231E7BEB650012BAF0 /* Alamofire.framework in Embed Frameworks */,
			);
			name = "Embed Frameworks";
			runOnlyForDeploymentPostprocessing = 0;
		};
		22B16A261E7BEBAF0012BAF0 /* CopyFiles */ = {
			isa = PBXCopyFilesBuildPhase;
			buildActionMask = 2147483647;
			dstPath = "";
			dstSubfolderSpec = 16;
			files = (
				22B16A5E1E801DEB0012BAF0 /* ObjectMapper.framework.dSYM in CopyFiles */,
				22B16A5F1E801DEB0012BAF0 /* Bond.framework.dSYM in CopyFiles */,
				22B16A601E801DEB0012BAF0 /* ReactiveKit.framework.dSYM in CopyFiles */,
				22B16A611E801DEB0012BAF0 /* Diff.framework.dSYM in CopyFiles */,
			);
			runOnlyForDeploymentPostprocessing = 0;
		};
/* End PBXCopyFilesBuildPhase section */

/* Begin PBXFileReference section */
		220797561EDDFBB700B3C503 /* NonClickableView.swift */ = {isa = PBXFileReference; fileEncoding = 4; lastKnownFileType = sourcecode.swift; path = NonClickableView.swift; sourceTree = "<group>"; };
		220797581EE1695700B3C503 /* Sparkle.framework */ = {isa = PBXFileReference; lastKnownFileType = wrapper.framework; path = Sparkle.framework; sourceTree = "<group>"; };
		2219CB691EB357DC0053EE86 /* Data+XOR.swift */ = {isa = PBXFileReference; fileEncoding = 4; lastKnownFileType = sourcecode.swift; path = "Data+XOR.swift"; sourceTree = "<group>"; };
		221E636D1E3237A500944B1B /* StyleKit.swift */ = {isa = PBXFileReference; fileEncoding = 4; lastKnownFileType = sourcecode.swift; path = StyleKit.swift; sourceTree = "<group>"; };
		221E63721E36125700944B1B /* ArrowWindow.swift */ = {isa = PBXFileReference; fileEncoding = 4; lastKnownFileType = sourcecode.swift; path = ArrowWindow.swift; sourceTree = "<group>"; };
		221F85E21E978AB5001097A8 /* loader_00000.png */ = {isa = PBXFileReference; lastKnownFileType = image.png; path = loader_00000.png; sourceTree = "<group>"; };
		221F85E31E978AB5001097A8 /* loader_00001.png */ = {isa = PBXFileReference; lastKnownFileType = image.png; path = loader_00001.png; sourceTree = "<group>"; };
		221F85E41E978AB5001097A8 /* loader_00002.png */ = {isa = PBXFileReference; lastKnownFileType = image.png; path = loader_00002.png; sourceTree = "<group>"; };
		221F85E51E978AB5001097A8 /* loader_00003.png */ = {isa = PBXFileReference; lastKnownFileType = image.png; path = loader_00003.png; sourceTree = "<group>"; };
		221F85E61E978AB5001097A8 /* loader_00004.png */ = {isa = PBXFileReference; lastKnownFileType = image.png; path = loader_00004.png; sourceTree = "<group>"; };
		221F85E71E978AB5001097A8 /* loader_00005.png */ = {isa = PBXFileReference; lastKnownFileType = image.png; path = loader_00005.png; sourceTree = "<group>"; };
		221F85E81E978AB5001097A8 /* loader_00006.png */ = {isa = PBXFileReference; lastKnownFileType = image.png; path = loader_00006.png; sourceTree = "<group>"; };
		221F85E91E978AB5001097A8 /* loader_00007.png */ = {isa = PBXFileReference; lastKnownFileType = image.png; path = loader_00007.png; sourceTree = "<group>"; };
		221F85EA1E978AB5001097A8 /* loader_00008.png */ = {isa = PBXFileReference; lastKnownFileType = image.png; path = loader_00008.png; sourceTree = "<group>"; };
		221F85EB1E978AB5001097A8 /* loader_00009.png */ = {isa = PBXFileReference; lastKnownFileType = image.png; path = loader_00009.png; sourceTree = "<group>"; };
		221F85EC1E978AB5001097A8 /* loader_00010.png */ = {isa = PBXFileReference; lastKnownFileType = image.png; path = loader_00010.png; sourceTree = "<group>"; };
		221F85ED1E978AB5001097A8 /* loader_00011.png */ = {isa = PBXFileReference; lastKnownFileType = image.png; path = loader_00011.png; sourceTree = "<group>"; };
		221F85EE1E978AB5001097A8 /* loader_00012.png */ = {isa = PBXFileReference; lastKnownFileType = image.png; path = loader_00012.png; sourceTree = "<group>"; };
		221F85EF1E978AB5001097A8 /* loader_00013.png */ = {isa = PBXFileReference; lastKnownFileType = image.png; path = loader_00013.png; sourceTree = "<group>"; };
		221F85F01E978AB5001097A8 /* loader_00014.png */ = {isa = PBXFileReference; lastKnownFileType = image.png; path = loader_00014.png; sourceTree = "<group>"; };
		221F85F11E978AB5001097A8 /* loader_00015.png */ = {isa = PBXFileReference; lastKnownFileType = image.png; path = loader_00015.png; sourceTree = "<group>"; };
		221F85F21E978AB5001097A8 /* loader_00016.png */ = {isa = PBXFileReference; lastKnownFileType = image.png; path = loader_00016.png; sourceTree = "<group>"; };
		221F85F31E978AB5001097A8 /* loader_00017.png */ = {isa = PBXFileReference; lastKnownFileType = image.png; path = loader_00017.png; sourceTree = "<group>"; };
		221F85F41E978AB5001097A8 /* loader_00018.png */ = {isa = PBXFileReference; lastKnownFileType = image.png; path = loader_00018.png; sourceTree = "<group>"; };
		221F85F51E978AB5001097A8 /* loader_00019.png */ = {isa = PBXFileReference; lastKnownFileType = image.png; path = loader_00019.png; sourceTree = "<group>"; };
		221F85F61E978AB5001097A8 /* loader_00020.png */ = {isa = PBXFileReference; lastKnownFileType = image.png; path = loader_00020.png; sourceTree = "<group>"; };
		221F85F71E978AB5001097A8 /* loader_00021.png */ = {isa = PBXFileReference; lastKnownFileType = image.png; path = loader_00021.png; sourceTree = "<group>"; };
		221F85F81E978AB5001097A8 /* loader_00022.png */ = {isa = PBXFileReference; lastKnownFileType = image.png; path = loader_00022.png; sourceTree = "<group>"; };
		221F85F91E978AB5001097A8 /* loader_00023.png */ = {isa = PBXFileReference; lastKnownFileType = image.png; path = loader_00023.png; sourceTree = "<group>"; };
		221F85FA1E978AB6001097A8 /* loader_00024.png */ = {isa = PBXFileReference; lastKnownFileType = image.png; path = loader_00024.png; sourceTree = "<group>"; };
		221F85FB1E978AB6001097A8 /* loader_00025.png */ = {isa = PBXFileReference; lastKnownFileType = image.png; path = loader_00025.png; sourceTree = "<group>"; };
		221F85FC1E978AB6001097A8 /* loader_00026.png */ = {isa = PBXFileReference; lastKnownFileType = image.png; path = loader_00026.png; sourceTree = "<group>"; };
		221F85FD1E978AB6001097A8 /* loader_00027.png */ = {isa = PBXFileReference; lastKnownFileType = image.png; path = loader_00027.png; sourceTree = "<group>"; };
		221F85FE1E978AB6001097A8 /* loader_00028.png */ = {isa = PBXFileReference; lastKnownFileType = image.png; path = loader_00028.png; sourceTree = "<group>"; };
		221F85FF1E978AB6001097A8 /* loader_00029.png */ = {isa = PBXFileReference; lastKnownFileType = image.png; path = loader_00029.png; sourceTree = "<group>"; };
		221F86001E978AB6001097A8 /* loader_00030.png */ = {isa = PBXFileReference; lastKnownFileType = image.png; path = loader_00030.png; sourceTree = "<group>"; };
		221F86011E978AB6001097A8 /* loader_00031.png */ = {isa = PBXFileReference; lastKnownFileType = image.png; path = loader_00031.png; sourceTree = "<group>"; };
		221F86021E978AB6001097A8 /* loader_00032.png */ = {isa = PBXFileReference; lastKnownFileType = image.png; path = loader_00032.png; sourceTree = "<group>"; };
		221F86031E978AB6001097A8 /* loader_00033.png */ = {isa = PBXFileReference; lastKnownFileType = image.png; path = loader_00033.png; sourceTree = "<group>"; };
		221F86041E978AB6001097A8 /* loader_00034.png */ = {isa = PBXFileReference; lastKnownFileType = image.png; path = loader_00034.png; sourceTree = "<group>"; };
		221F86051E978AB6001097A8 /* loader_00035.png */ = {isa = PBXFileReference; lastKnownFileType = image.png; path = loader_00035.png; sourceTree = "<group>"; };
		221F86061E978AB6001097A8 /* loader_00036.png */ = {isa = PBXFileReference; lastKnownFileType = image.png; path = loader_00036.png; sourceTree = "<group>"; };
		221F86761E978B31001097A8 /* loader_00000@2x.png */ = {isa = PBXFileReference; lastKnownFileType = image.png; path = "loader_00000@2x.png"; sourceTree = "<group>"; };
		221F86771E978B31001097A8 /* loader_00001@2x.png */ = {isa = PBXFileReference; lastKnownFileType = image.png; path = "loader_00001@2x.png"; sourceTree = "<group>"; };
		221F86781E978B31001097A8 /* loader_00002@2x.png */ = {isa = PBXFileReference; lastKnownFileType = image.png; path = "loader_00002@2x.png"; sourceTree = "<group>"; };
		221F86791E978B31001097A8 /* loader_00003@2x.png */ = {isa = PBXFileReference; lastKnownFileType = image.png; path = "loader_00003@2x.png"; sourceTree = "<group>"; };
		221F867A1E978B31001097A8 /* loader_00004@2x.png */ = {isa = PBXFileReference; lastKnownFileType = image.png; path = "loader_00004@2x.png"; sourceTree = "<group>"; };
		221F867B1E978B31001097A8 /* loader_00005@2x.png */ = {isa = PBXFileReference; lastKnownFileType = image.png; path = "loader_00005@2x.png"; sourceTree = "<group>"; };
		221F867C1E978B31001097A8 /* loader_00006@2x.png */ = {isa = PBXFileReference; lastKnownFileType = image.png; path = "loader_00006@2x.png"; sourceTree = "<group>"; };
		221F867D1E978B31001097A8 /* loader_00007@2x.png */ = {isa = PBXFileReference; lastKnownFileType = image.png; path = "loader_00007@2x.png"; sourceTree = "<group>"; };
		221F867E1E978B31001097A8 /* loader_00008@2x.png */ = {isa = PBXFileReference; lastKnownFileType = image.png; path = "loader_00008@2x.png"; sourceTree = "<group>"; };
		221F867F1E978B31001097A8 /* loader_00009@2x.png */ = {isa = PBXFileReference; lastKnownFileType = image.png; path = "loader_00009@2x.png"; sourceTree = "<group>"; };
		221F86801E978B31001097A8 /* loader_00010@2x.png */ = {isa = PBXFileReference; lastKnownFileType = image.png; path = "loader_00010@2x.png"; sourceTree = "<group>"; };
		221F86811E978B31001097A8 /* loader_00011@2x.png */ = {isa = PBXFileReference; lastKnownFileType = image.png; path = "loader_00011@2x.png"; sourceTree = "<group>"; };
		221F86821E978B31001097A8 /* loader_00012@2x.png */ = {isa = PBXFileReference; lastKnownFileType = image.png; path = "loader_00012@2x.png"; sourceTree = "<group>"; };
		221F86831E978B31001097A8 /* loader_00013@2x.png */ = {isa = PBXFileReference; lastKnownFileType = image.png; path = "loader_00013@2x.png"; sourceTree = "<group>"; };
		221F86841E978B31001097A8 /* loader_00014@2x.png */ = {isa = PBXFileReference; lastKnownFileType = image.png; path = "loader_00014@2x.png"; sourceTree = "<group>"; };
		221F86851E978B31001097A8 /* loader_00015@2x.png */ = {isa = PBXFileReference; lastKnownFileType = image.png; path = "loader_00015@2x.png"; sourceTree = "<group>"; };
		221F86861E978B31001097A8 /* loader_00016@2x.png */ = {isa = PBXFileReference; lastKnownFileType = image.png; path = "loader_00016@2x.png"; sourceTree = "<group>"; };
		221F86871E978B31001097A8 /* loader_00017@2x.png */ = {isa = PBXFileReference; lastKnownFileType = image.png; path = "loader_00017@2x.png"; sourceTree = "<group>"; };
		221F86881E978B31001097A8 /* loader_00018@2x.png */ = {isa = PBXFileReference; lastKnownFileType = image.png; path = "loader_00018@2x.png"; sourceTree = "<group>"; };
		221F86891E978B31001097A8 /* loader_00019@2x.png */ = {isa = PBXFileReference; lastKnownFileType = image.png; path = "loader_00019@2x.png"; sourceTree = "<group>"; };
		221F868A1E978B31001097A8 /* loader_00020@2x.png */ = {isa = PBXFileReference; lastKnownFileType = image.png; path = "loader_00020@2x.png"; sourceTree = "<group>"; };
		221F868B1E978B31001097A8 /* loader_00021@2x.png */ = {isa = PBXFileReference; lastKnownFileType = image.png; path = "loader_00021@2x.png"; sourceTree = "<group>"; };
		221F868C1E978B31001097A8 /* loader_00022@2x.png */ = {isa = PBXFileReference; lastKnownFileType = image.png; path = "loader_00022@2x.png"; sourceTree = "<group>"; };
		221F868D1E978B31001097A8 /* loader_00023@2x.png */ = {isa = PBXFileReference; lastKnownFileType = image.png; path = "loader_00023@2x.png"; sourceTree = "<group>"; };
		221F868E1E978B31001097A8 /* loader_00024@2x.png */ = {isa = PBXFileReference; lastKnownFileType = image.png; path = "loader_00024@2x.png"; sourceTree = "<group>"; };
		221F868F1E978B31001097A8 /* loader_00025@2x.png */ = {isa = PBXFileReference; lastKnownFileType = image.png; path = "loader_00025@2x.png"; sourceTree = "<group>"; };
		221F86901E978B31001097A8 /* loader_00026@2x.png */ = {isa = PBXFileReference; lastKnownFileType = image.png; path = "loader_00026@2x.png"; sourceTree = "<group>"; };
		221F86911E978B31001097A8 /* loader_00027@2x.png */ = {isa = PBXFileReference; lastKnownFileType = image.png; path = "loader_00027@2x.png"; sourceTree = "<group>"; };
		221F86921E978B31001097A8 /* loader_00028@2x.png */ = {isa = PBXFileReference; lastKnownFileType = image.png; path = "loader_00028@2x.png"; sourceTree = "<group>"; };
		221F86931E978B31001097A8 /* loader_00029@2x.png */ = {isa = PBXFileReference; lastKnownFileType = image.png; path = "loader_00029@2x.png"; sourceTree = "<group>"; };
		221F86941E978B31001097A8 /* loader_00030@2x.png */ = {isa = PBXFileReference; lastKnownFileType = image.png; path = "loader_00030@2x.png"; sourceTree = "<group>"; };
		221F86951E978B31001097A8 /* loader_00031@2x.png */ = {isa = PBXFileReference; lastKnownFileType = image.png; path = "loader_00031@2x.png"; sourceTree = "<group>"; };
		221F86961E978B31001097A8 /* loader_00032@2x.png */ = {isa = PBXFileReference; lastKnownFileType = image.png; path = "loader_00032@2x.png"; sourceTree = "<group>"; };
		221F86971E978B31001097A8 /* loader_00033@2x.png */ = {isa = PBXFileReference; lastKnownFileType = image.png; path = "loader_00033@2x.png"; sourceTree = "<group>"; };
		221F86981E978B31001097A8 /* loader_00034@2x.png */ = {isa = PBXFileReference; lastKnownFileType = image.png; path = "loader_00034@2x.png"; sourceTree = "<group>"; };
		221F86991E978B31001097A8 /* loader_00035@2x.png */ = {isa = PBXFileReference; lastKnownFileType = image.png; path = "loader_00035@2x.png"; sourceTree = "<group>"; };
		221F869A1E978B31001097A8 /* loader_00036@2x.png */ = {isa = PBXFileReference; lastKnownFileType = image.png; path = "loader_00036@2x.png"; sourceTree = "<group>"; };
		221F86C01E978C70001097A8 /* AnimatedImageView.swift */ = {isa = PBXFileReference; fileEncoding = 4; lastKnownFileType = sourcecode.swift; path = AnimatedImageView.swift; sourceTree = "<group>"; };
		2223DE191E30F74800D7B0FE /* Fontstore.app */ = {isa = PBXFileReference; explicitFileType = wrapper.application; includeInIndex = 0; path = Fontstore.app; sourceTree = BUILT_PRODUCTS_DIR; };
		2223DE1C1E30F74800D7B0FE /* AppDelegate.swift */ = {isa = PBXFileReference; lastKnownFileType = sourcecode.swift; path = AppDelegate.swift; sourceTree = "<group>"; };
		2223DE1E1E30F74800D7B0FE /* Assets.xcassets */ = {isa = PBXFileReference; lastKnownFileType = folder.assetcatalog; path = Assets.xcassets; sourceTree = "<group>"; };
		2223DE211E30F74800D7B0FE /* Base */ = {isa = PBXFileReference; lastKnownFileType = file.xib; name = Base; path = Base.lproj/MainMenu.xib; sourceTree = "<group>"; };
		2223DE231E30F74800D7B0FE /* Info.plist */ = {isa = PBXFileReference; lastKnownFileType = text.plist.xml; path = Info.plist; sourceTree = "<group>"; };
		2223DE281E30F74900D7B0FE /* FontstoreTests.xctest */ = {isa = PBXFileReference; explicitFileType = wrapper.cfbundle; includeInIndex = 0; path = FontstoreTests.xctest; sourceTree = BUILT_PRODUCTS_DIR; };
		2223DE2C1E30F74900D7B0FE /* FontYouTests.swift */ = {isa = PBXFileReference; lastKnownFileType = sourcecode.swift; path = FontYouTests.swift; sourceTree = "<group>"; };
		2223DE2E1E30F74900D7B0FE /* Info.plist */ = {isa = PBXFileReference; lastKnownFileType = text.plist.xml; path = Info.plist; sourceTree = "<group>"; };
		2223DE331E30F74900D7B0FE /* FontstoreUITests.xctest */ = {isa = PBXFileReference; explicitFileType = wrapper.cfbundle; includeInIndex = 0; path = FontstoreUITests.xctest; sourceTree = BUILT_PRODUCTS_DIR; };
		2223DE371E30F74900D7B0FE /* FontYouUITests.swift */ = {isa = PBXFileReference; lastKnownFileType = sourcecode.swift; path = FontYouUITests.swift; sourceTree = "<group>"; };
		2223DE391E30F74900D7B0FE /* Info.plist */ = {isa = PBXFileReference; lastKnownFileType = text.plist.xml; path = Info.plist; sourceTree = "<group>"; };
		2223DE451E30FA8A00D7B0FE /* MainViewController.swift */ = {isa = PBXFileReference; fileEncoding = 4; lastKnownFileType = sourcecode.swift; path = MainViewController.swift; sourceTree = "<group>"; };
		2223DE461E30FA8A00D7B0FE /* MainViewController.xib */ = {isa = PBXFileReference; fileEncoding = 4; lastKnownFileType = file.xib; path = MainViewController.xib; sourceTree = "<group>"; };
		2223DE491E30FC6C00D7B0FE /* EventMonitor.swift */ = {isa = PBXFileReference; fileEncoding = 4; lastKnownFileType = sourcecode.swift; path = EventMonitor.swift; sourceTree = "<group>"; };
		2223DE4B1E31177700D7B0FE /* DetachableWindow.swift */ = {isa = PBXFileReference; fileEncoding = 4; lastKnownFileType = sourcecode.swift; path = DetachableWindow.swift; sourceTree = "<group>"; };
		2223DE4F1E3129E000D7B0FE /* Constants.swift */ = {isa = PBXFileReference; fileEncoding = 4; lastKnownFileType = sourcecode.swift; path = Constants.swift; sourceTree = "<group>"; };
		2223DE531E312E1000D7B0FE /* LogonViewController.swift */ = {isa = PBXFileReference; fileEncoding = 4; lastKnownFileType = sourcecode.swift; path = LogonViewController.swift; sourceTree = "<group>"; };
		2223DE541E312E1000D7B0FE /* LogonViewController.xib */ = {isa = PBXFileReference; fileEncoding = 4; lastKnownFileType = file.xib; path = LogonViewController.xib; sourceTree = "<group>"; };
		2223DE571E312E4F00D7B0FE /* ListingViewController.swift */ = {isa = PBXFileReference; fileEncoding = 4; lastKnownFileType = sourcecode.swift; path = ListingViewController.swift; sourceTree = "<group>"; };
		2223DE581E312E4F00D7B0FE /* ListingViewController.xib */ = {isa = PBXFileReference; fileEncoding = 4; lastKnownFileType = file.xib; path = ListingViewController.xib; sourceTree = "<group>"; };
		2223DE621E31531C00D7B0FE /* NSView+BackgroundColored.swift */ = {isa = PBXFileReference; fileEncoding = 4; lastKnownFileType = sourcecode.swift; path = "NSView+BackgroundColored.swift"; sourceTree = "<group>"; };
		22291ABC1EE9519E00625DBF /* String+InsensitivePrefix.swift */ = {isa = PBXFileReference; fileEncoding = 4; lastKnownFileType = sourcecode.swift; path = "String+InsensitivePrefix.swift"; sourceTree = "<group>"; };
		22291ABE1EE9558600625DBF /* VerticallyCenteredTextFieldCell.swift */ = {isa = PBXFileReference; fileEncoding = 4; lastKnownFileType = sourcecode.swift; path = VerticallyCenteredTextFieldCell.swift; sourceTree = "<group>"; };
		222FEEE31EE8797B0045B4CB /* HoverButton.swift */ = {isa = PBXFileReference; fileEncoding = 4; lastKnownFileType = sourcecode.swift; path = HoverButton.swift; sourceTree = "<group>"; };
		226212131E9B93B000E61B9C /* Security.framework */ = {isa = PBXFileReference; lastKnownFileType = wrapper.framework; name = Security.framework; path = System/Library/Frameworks/Security.framework; sourceTree = SDKROOT; };
		2275FE781E76A91000B357E7 /* Fontstore-Bridging-Header.h */ = {isa = PBXFileReference; lastKnownFileType = sourcecode.c.h; path = "Fontstore-Bridging-Header.h"; sourceTree = "<group>"; };
		2275FE791E76A91000B357E7 /* FontUtility.h */ = {isa = PBXFileReference; fileEncoding = 4; lastKnownFileType = sourcecode.c.h; path = FontUtility.h; sourceTree = "<group>"; };
		2275FE7A1E76A91000B357E7 /* FontUtility.m */ = {isa = PBXFileReference; fileEncoding = 4; lastKnownFileType = sourcecode.c.objc; path = FontUtility.m; sourceTree = "<group>"; };
		2275FE7C1E76A98A00B357E7 /* Fonts */ = {isa = PBXFileReference; lastKnownFileType = folder; path = Fonts; sourceTree = "<group>"; };
		2275FE7F1E76A9C300B357E7 /* FontStore.swift */ = {isa = PBXFileReference; fileEncoding = 4; lastKnownFileType = sourcecode.swift; path = FontStore.swift; sourceTree = "<group>"; };
		2275FE811E77002700B357E7 /* FamilyCellView.swift */ = {isa = PBXFileReference; fileEncoding = 4; lastKnownFileType = sourcecode.swift; path = FamilyCellView.swift; sourceTree = "<group>"; };
		2283BBB01E7709D90040A34E /* ListingRowView.swift */ = {isa = PBXFileReference; fileEncoding = 4; lastKnownFileType = sourcecode.swift; path = ListingRowView.swift; sourceTree = "<group>"; };
		2283BBB21E7711DD0040A34E /* FontCellView.swift */ = {isa = PBXFileReference; fileEncoding = 4; lastKnownFileType = sourcecode.swift; path = FontCellView.swift; sourceTree = "<group>"; };
		2283BBB41E7734ED0040A34E /* OutlineView.swift */ = {isa = PBXFileReference; fileEncoding = 4; lastKnownFileType = sourcecode.swift; path = OutlineView.swift; sourceTree = "<group>"; };
		2283BBB61E77D31F0040A34E /* RoundedButton.swift */ = {isa = PBXFileReference; fileEncoding = 4; lastKnownFileType = sourcecode.swift; path = RoundedButton.swift; sourceTree = "<group>"; };
		2283BBB81E793C6F0040A34E /* IndicatorStackView.swift */ = {isa = PBXFileReference; fileEncoding = 4; lastKnownFileType = sourcecode.swift; path = IndicatorStackView.swift; sourceTree = "<group>"; };
		22B16A181E7AF2390012BAF0 /* RoundedView.swift */ = {isa = PBXFileReference; fileEncoding = 4; lastKnownFileType = sourcecode.swift; path = RoundedView.swift; sourceTree = "<group>"; };
		22B16A1C1E7BE7F60012BAF0 /* Cartfile */ = {isa = PBXFileReference; fileEncoding = 4; lastKnownFileType = text; path = Cartfile; sourceTree = "<group>"; };
		22B16A1E1E7BEB650012BAF0 /* Starscream.framework */ = {isa = PBXFileReference; lastKnownFileType = wrapper.framework; name = Starscream.framework; path = ../Carthage/Build/Mac/Starscream.framework; sourceTree = "<group>"; };
		22B16A1F1E7BEB650012BAF0 /* Alamofire.framework */ = {isa = PBXFileReference; lastKnownFileType = wrapper.framework; name = Alamofire.framework; path = ../Carthage/Build/Mac/Alamofire.framework; sourceTree = "<group>"; };
		22B16A341E7BFCD50012BAF0 /* Bond.framework */ = {isa = PBXFileReference; lastKnownFileType = wrapper.framework; name = Bond.framework; path = ../Carthage/Build/Mac/Bond.framework; sourceTree = "<group>"; };
		22B16A351E7BFCD50012BAF0 /* ReactiveKit.framework */ = {isa = PBXFileReference; lastKnownFileType = wrapper.framework; name = ReactiveKit.framework; path = ../Carthage/Build/Mac/ReactiveKit.framework; sourceTree = "<group>"; };
		22B16A361E7BFCD50012BAF0 /* Diff.framework */ = {isa = PBXFileReference; lastKnownFileType = wrapper.framework; name = Diff.framework; path = ../Carthage/Build/Mac/Diff.framework; sourceTree = "<group>"; };
		22B16A3D1E7FD7550012BAF0 /* SecureTextFieldCell.swift */ = {isa = PBXFileReference; fileEncoding = 4; lastKnownFileType = sourcecode.swift; path = SecureTextFieldCell.swift; sourceTree = "<group>"; };
		22B16A491E8010AB0012BAF0 /* Channel.swift */ = {isa = PBXFileReference; fileEncoding = 4; lastKnownFileType = sourcecode.swift; path = Channel.swift; sourceTree = "<group>"; };
		22B16A4A1E8010AB0012BAF0 /* Presence.swift */ = {isa = PBXFileReference; fileEncoding = 4; lastKnownFileType = sourcecode.swift; path = Presence.swift; sourceTree = "<group>"; };
		22B16A4B1E8010AB0012BAF0 /* Push.swift */ = {isa = PBXFileReference; fileEncoding = 4; lastKnownFileType = sourcecode.swift; path = Push.swift; sourceTree = "<group>"; };
		22B16A4C1E8010AB0012BAF0 /* Response.swift */ = {isa = PBXFileReference; fileEncoding = 4; lastKnownFileType = sourcecode.swift; path = Response.swift; sourceTree = "<group>"; };
		22B16A4D1E8010AB0012BAF0 /* Socket.swift */ = {isa = PBXFileReference; fileEncoding = 4; lastKnownFileType = sourcecode.swift; path = Socket.swift; sourceTree = "<group>"; };
		22B16A551E801DC40012BAF0 /* ObjectMapper.framework */ = {isa = PBXFileReference; lastKnownFileType = wrapper.framework; name = ObjectMapper.framework; path = ../Carthage/Build/Mac/ObjectMapper.framework; sourceTree = "<group>"; };
		22B16A581E801DEB0012BAF0 /* ObjectMapper.framework.dSYM */ = {isa = PBXFileReference; lastKnownFileType = wrapper.dsym; name = ObjectMapper.framework.dSYM; path = ../Carthage/Build/Mac/ObjectMapper.framework.dSYM; sourceTree = "<group>"; };
		22B16A591E801DEB0012BAF0 /* Bond.framework.dSYM */ = {isa = PBXFileReference; lastKnownFileType = wrapper.dsym; name = Bond.framework.dSYM; path = ../Carthage/Build/Mac/Bond.framework.dSYM; sourceTree = "<group>"; };
		22B16A5A1E801DEB0012BAF0 /* ReactiveKit.framework.dSYM */ = {isa = PBXFileReference; lastKnownFileType = wrapper.dsym; name = ReactiveKit.framework.dSYM; path = ../Carthage/Build/Mac/ReactiveKit.framework.dSYM; sourceTree = "<group>"; };
		22B16A5B1E801DEB0012BAF0 /* Diff.framework.dSYM */ = {isa = PBXFileReference; lastKnownFileType = wrapper.dsym; name = Diff.framework.dSYM; path = ../Carthage/Build/Mac/Diff.framework.dSYM; sourceTree = "<group>"; };
		22B16A5C1E801DEB0012BAF0 /* Alamofire.framework.dSYM */ = {isa = PBXFileReference; lastKnownFileType = wrapper.dsym; name = Alamofire.framework.dSYM; path = ../Carthage/Build/Mac/Alamofire.framework.dSYM; sourceTree = "<group>"; };
		22B16A5D1E801DEB0012BAF0 /* Starscream.framework.dSYM */ = {isa = PBXFileReference; lastKnownFileType = wrapper.dsym; name = Starscream.framework.dSYM; path = ../Carthage/Build/Mac/Starscream.framework.dSYM; sourceTree = "<group>"; };
		22B16A621E801ED20012BAF0 /* Catalog.swift */ = {isa = PBXFileReference; fileEncoding = 4; lastKnownFileType = sourcecode.swift; path = Catalog.swift; sourceTree = "<group>"; };
		22B16A661E82ADF10012BAF0 /* MutableObservableDictionary+Mappable.swift */ = {isa = PBXFileReference; fileEncoding = 4; lastKnownFileType = sourcecode.swift; path = "MutableObservableDictionary+Mappable.swift"; sourceTree = "<group>"; };
		22DA52A41E7A75AE00697725 /* TabButton.swift */ = {isa = PBXFileReference; fileEncoding = 4; lastKnownFileType = sourcecode.swift; path = TabButton.swift; sourceTree = "<group>"; };
		22DA52A61E7A9EA200697725 /* AppFonts */ = {isa = PBXFileReference; lastKnownFileType = folder; path = AppFonts; sourceTree = "<group>"; };
		22EDFCDA1E72A81700D221C7 /* NSStatusBarButton+Highlighting.swift */ = {isa = PBXFileReference; fileEncoding = 4; lastKnownFileType = sourcecode.swift; path = "NSStatusBarButton+Highlighting.swift"; sourceTree = "<group>"; };
		DE47F9E01EFD4489009F6CE0 /* dsa_pub.pem */ = {isa = PBXFileReference; fileEncoding = 4; lastKnownFileType = text; path = dsa_pub.pem; sourceTree = "<group>"; };
/* End PBXFileReference section */

/* Begin PBXFrameworksBuildPhase section */
		2223DE161E30F74800D7B0FE /* Frameworks */ = {
			isa = PBXFrameworksBuildPhase;
			buildActionMask = 2147483647;
			files = (
				226212141E9B93B000E61B9C /* Security.framework in Frameworks */,
				22B16A561E801DC40012BAF0 /* ObjectMapper.framework in Frameworks */,
				22B16A391E7BFCD50012BAF0 /* ReactiveKit.framework in Frameworks */,
				22B16A371E7BFCD50012BAF0 /* Bond.framework in Frameworks */,
				22B16A3B1E7BFCD50012BAF0 /* Diff.framework in Frameworks */,
				22B16A201E7BEB650012BAF0 /* Starscream.framework in Frameworks */,
				22B16A221E7BEB650012BAF0 /* Alamofire.framework in Frameworks */,
				220797591EE1695700B3C503 /* Sparkle.framework in Frameworks */,
			);
			runOnlyForDeploymentPostprocessing = 0;
		};
		2223DE251E30F74900D7B0FE /* Frameworks */ = {
			isa = PBXFrameworksBuildPhase;
			buildActionMask = 2147483647;
			files = (
			);
			runOnlyForDeploymentPostprocessing = 0;
		};
		2223DE301E30F74900D7B0FE /* Frameworks */ = {
			isa = PBXFrameworksBuildPhase;
			buildActionMask = 2147483647;
			files = (
			);
			runOnlyForDeploymentPostprocessing = 0;
		};
/* End PBXFrameworksBuildPhase section */

/* Begin PBXGroup section */
		221E636F1E32395200944B1B /* Custom Controls */ = {
			isa = PBXGroup;
			children = (
				2283BBB61E77D31F0040A34E /* RoundedButton.swift */,
				22DA52A41E7A75AE00697725 /* TabButton.swift */,
				22B16A181E7AF2390012BAF0 /* RoundedView.swift */,
				22B16A3D1E7FD7550012BAF0 /* SecureTextFieldCell.swift */,
				221F86C01E978C70001097A8 /* AnimatedImageView.swift */,
				220797561EDDFBB700B3C503 /* NonClickableView.swift */,
				222FEEE31EE8797B0045B4CB /* HoverButton.swift */,
				22291ABE1EE9558600625DBF /* VerticallyCenteredTextFieldCell.swift */,
			);
			name = "Custom Controls";
			sourceTree = "<group>";
		};
		221E63761E36813B00944B1B /* Detachable Window */ = {
			isa = PBXGroup;
			children = (
				2223DE4B1E31177700D7B0FE /* DetachableWindow.swift */,
				221E63721E36125700944B1B /* ArrowWindow.swift */,
				2223DE491E30FC6C00D7B0FE /* EventMonitor.swift */,
				22EDFCDA1E72A81700D221C7 /* NSStatusBarButton+Highlighting.swift */,
			);
			name = "Detachable Window";
			sourceTree = "<group>";
		};
		221F85E11E978A93001097A8 /* Spinner Images */ = {
			isa = PBXGroup;
			children = (
				221F85E21E978AB5001097A8 /* loader_00000.png */,
				221F85E31E978AB5001097A8 /* loader_00001.png */,
				221F85E41E978AB5001097A8 /* loader_00002.png */,
				221F85E51E978AB5001097A8 /* loader_00003.png */,
				221F85E61E978AB5001097A8 /* loader_00004.png */,
				221F85E71E978AB5001097A8 /* loader_00005.png */,
				221F85E81E978AB5001097A8 /* loader_00006.png */,
				221F85E91E978AB5001097A8 /* loader_00007.png */,
				221F85EA1E978AB5001097A8 /* loader_00008.png */,
				221F85EB1E978AB5001097A8 /* loader_00009.png */,
				221F85EC1E978AB5001097A8 /* loader_00010.png */,
				221F85ED1E978AB5001097A8 /* loader_00011.png */,
				221F85EE1E978AB5001097A8 /* loader_00012.png */,
				221F85EF1E978AB5001097A8 /* loader_00013.png */,
				221F85F01E978AB5001097A8 /* loader_00014.png */,
				221F85F11E978AB5001097A8 /* loader_00015.png */,
				221F85F21E978AB5001097A8 /* loader_00016.png */,
				221F85F31E978AB5001097A8 /* loader_00017.png */,
				221F85F41E978AB5001097A8 /* loader_00018.png */,
				221F85F51E978AB5001097A8 /* loader_00019.png */,
				221F85F61E978AB5001097A8 /* loader_00020.png */,
				221F85F71E978AB5001097A8 /* loader_00021.png */,
				221F85F81E978AB5001097A8 /* loader_00022.png */,
				221F85F91E978AB5001097A8 /* loader_00023.png */,
				221F85FA1E978AB6001097A8 /* loader_00024.png */,
				221F85FB1E978AB6001097A8 /* loader_00025.png */,
				221F85FC1E978AB6001097A8 /* loader_00026.png */,
				221F85FD1E978AB6001097A8 /* loader_00027.png */,
				221F85FE1E978AB6001097A8 /* loader_00028.png */,
				221F85FF1E978AB6001097A8 /* loader_00029.png */,
				221F86001E978AB6001097A8 /* loader_00030.png */,
				221F86011E978AB6001097A8 /* loader_00031.png */,
				221F86021E978AB6001097A8 /* loader_00032.png */,
				221F86031E978AB6001097A8 /* loader_00033.png */,
				221F86041E978AB6001097A8 /* loader_00034.png */,
				221F86051E978AB6001097A8 /* loader_00035.png */,
				221F86061E978AB6001097A8 /* loader_00036.png */,
				221F86761E978B31001097A8 /* loader_00000@2x.png */,
				221F86771E978B31001097A8 /* loader_00001@2x.png */,
				221F86781E978B31001097A8 /* loader_00002@2x.png */,
				221F86791E978B31001097A8 /* loader_00003@2x.png */,
				221F867A1E978B31001097A8 /* loader_00004@2x.png */,
				221F867B1E978B31001097A8 /* loader_00005@2x.png */,
				221F867C1E978B31001097A8 /* loader_00006@2x.png */,
				221F867D1E978B31001097A8 /* loader_00007@2x.png */,
				221F867E1E978B31001097A8 /* loader_00008@2x.png */,
				221F867F1E978B31001097A8 /* loader_00009@2x.png */,
				221F86801E978B31001097A8 /* loader_00010@2x.png */,
				221F86811E978B31001097A8 /* loader_00011@2x.png */,
				221F86821E978B31001097A8 /* loader_00012@2x.png */,
				221F86831E978B31001097A8 /* loader_00013@2x.png */,
				221F86841E978B31001097A8 /* loader_00014@2x.png */,
				221F86851E978B31001097A8 /* loader_00015@2x.png */,
				221F86861E978B31001097A8 /* loader_00016@2x.png */,
				221F86871E978B31001097A8 /* loader_00017@2x.png */,
				221F86881E978B31001097A8 /* loader_00018@2x.png */,
				221F86891E978B31001097A8 /* loader_00019@2x.png */,
				221F868A1E978B31001097A8 /* loader_00020@2x.png */,
				221F868B1E978B31001097A8 /* loader_00021@2x.png */,
				221F868C1E978B31001097A8 /* loader_00022@2x.png */,
				221F868D1E978B31001097A8 /* loader_00023@2x.png */,
				221F868E1E978B31001097A8 /* loader_00024@2x.png */,
				221F868F1E978B31001097A8 /* loader_00025@2x.png */,
				221F86901E978B31001097A8 /* loader_00026@2x.png */,
				221F86911E978B31001097A8 /* loader_00027@2x.png */,
				221F86921E978B31001097A8 /* loader_00028@2x.png */,
				221F86931E978B31001097A8 /* loader_00029@2x.png */,
				221F86941E978B31001097A8 /* loader_00030@2x.png */,
				221F86951E978B31001097A8 /* loader_00031@2x.png */,
				221F86961E978B31001097A8 /* loader_00032@2x.png */,
				221F86971E978B31001097A8 /* loader_00033@2x.png */,
				221F86981E978B31001097A8 /* loader_00034@2x.png */,
				221F86991E978B31001097A8 /* loader_00035@2x.png */,
				221F869A1E978B31001097A8 /* loader_00036@2x.png */,
			);
			name = "Spinner Images";
			sourceTree = "<group>";
		};
		2223DE101E30F74800D7B0FE = {
			isa = PBXGroup;
			children = (
				22B16A1C1E7BE7F60012BAF0 /* Cartfile */,
				2223DE1B1E30F74800D7B0FE /* Fontstore */,
				2223DE2B1E30F74900D7B0FE /* FontstoreTests */,
				2223DE361E30F74900D7B0FE /* FontstoreUITests */,
				2223DE1A1E30F74800D7B0FE /* Products */,
				226212121E9B93B000E61B9C /* Frameworks */,
			);
			sourceTree = "<group>";
		};
		2223DE1A1E30F74800D7B0FE /* Products */ = {
			isa = PBXGroup;
			children = (
				2223DE191E30F74800D7B0FE /* Fontstore.app */,
				2223DE281E30F74900D7B0FE /* FontstoreTests.xctest */,
				2223DE331E30F74900D7B0FE /* FontstoreUITests.xctest */,
			);
			name = Products;
			sourceTree = "<group>";
		};
		2223DE1B1E30F74800D7B0FE /* Fontstore */ = {
			isa = PBXGroup;
			children = (
				DE47F9E01EFD4489009F6CE0 /* dsa_pub.pem */,
				22B16A3F1E7FEFA10012BAF0 /* Externals */,
				2223DE4F1E3129E000D7B0FE /* Constants.swift */,
				221E636D1E3237A500944B1B /* StyleKit.swift */,
				2223DE1C1E30F74800D7B0FE /* AppDelegate.swift */,
				2223DE451E30FA8A00D7B0FE /* MainViewController.swift */,
				2223DE461E30FA8A00D7B0FE /* MainViewController.xib */,
				221E63761E36813B00944B1B /* Detachable Window */,
				2223DE5B1E313B3100D7B0FE /* Logon View */,
				2223DE5C1E313B4600D7B0FE /* Listing View */,
				221E636F1E32395200944B1B /* Custom Controls */,
				22EDFCDC1E72A84E00D221C7 /* Extensions */,
				2275FE7E1E76A9AA00B357E7 /* FontStore */,
				2275FE771E76A8F400B357E7 /* FontUtility */,
				221F85E11E978A93001097A8 /* Spinner Images */,
				22B16A251E7BEB850012BAF0 /* Frameworks */,
				2275FE781E76A91000B357E7 /* Fontstore-Bridging-Header.h */,
				22DA52A61E7A9EA200697725 /* AppFonts */,
				2275FE7C1E76A98A00B357E7 /* Fonts */,
				2223DE1E1E30F74800D7B0FE /* Assets.xcassets */,
				2223DE201E30F74800D7B0FE /* MainMenu.xib */,
				2223DE231E30F74800D7B0FE /* Info.plist */,
			);
			name = Fontstore;
			path = FontYou;
			sourceTree = "<group>";
		};
		2223DE2B1E30F74900D7B0FE /* FontstoreTests */ = {
			isa = PBXGroup;
			children = (
				2223DE2C1E30F74900D7B0FE /* FontYouTests.swift */,
				2223DE2E1E30F74900D7B0FE /* Info.plist */,
			);
			name = FontstoreTests;
			path = FontYouTests;
			sourceTree = "<group>";
		};
		2223DE361E30F74900D7B0FE /* FontstoreUITests */ = {
			isa = PBXGroup;
			children = (
				2223DE371E30F74900D7B0FE /* FontYouUITests.swift */,
				2223DE391E30F74900D7B0FE /* Info.plist */,
			);
			name = FontstoreUITests;
			path = FontYouUITests;
			sourceTree = "<group>";
		};
		2223DE5B1E313B3100D7B0FE /* Logon View */ = {
			isa = PBXGroup;
			children = (
				2223DE531E312E1000D7B0FE /* LogonViewController.swift */,
				2223DE541E312E1000D7B0FE /* LogonViewController.xib */,
			);
			name = "Logon View";
			sourceTree = "<group>";
		};
		2223DE5C1E313B4600D7B0FE /* Listing View */ = {
			isa = PBXGroup;
			children = (
				2223DE571E312E4F00D7B0FE /* ListingViewController.swift */,
				2223DE581E312E4F00D7B0FE /* ListingViewController.xib */,
				2283BBB41E7734ED0040A34E /* OutlineView.swift */,
				2283BBB01E7709D90040A34E /* ListingRowView.swift */,
				2275FE811E77002700B357E7 /* FamilyCellView.swift */,
				2283BBB21E7711DD0040A34E /* FontCellView.swift */,
				2283BBB81E793C6F0040A34E /* IndicatorStackView.swift */,
			);
			name = "Listing View";
			sourceTree = "<group>";
		};
		226212121E9B93B000E61B9C /* Frameworks */ = {
			isa = PBXGroup;
			children = (
				220797581EE1695700B3C503 /* Sparkle.framework */,
				226212131E9B93B000E61B9C /* Security.framework */,
			);
			name = Frameworks;
			sourceTree = "<group>";
		};
		2275FE771E76A8F400B357E7 /* FontUtility */ = {
			isa = PBXGroup;
			children = (
				2275FE791E76A91000B357E7 /* FontUtility.h */,
				2275FE7A1E76A91000B357E7 /* FontUtility.m */,
			);
			name = FontUtility;
			sourceTree = "<group>";
		};
		2275FE7E1E76A9AA00B357E7 /* FontStore */ = {
			isa = PBXGroup;
			children = (
				2275FE7F1E76A9C300B357E7 /* FontStore.swift */,
				22B16A621E801ED20012BAF0 /* Catalog.swift */,
				22B16A661E82ADF10012BAF0 /* MutableObservableDictionary+Mappable.swift */,
			);
			name = FontStore;
			sourceTree = "<group>";
		};
		22B16A251E7BEB850012BAF0 /* Frameworks */ = {
			isa = PBXGroup;
			children = (
				22B16A551E801DC40012BAF0 /* ObjectMapper.framework */,
				22B16A1E1E7BEB650012BAF0 /* Starscream.framework */,
				22B16A1F1E7BEB650012BAF0 /* Alamofire.framework */,
				22B16A341E7BFCD50012BAF0 /* Bond.framework */,
				22B16A351E7BFCD50012BAF0 /* ReactiveKit.framework */,
				22B16A361E7BFCD50012BAF0 /* Diff.framework */,
				22B16A581E801DEB0012BAF0 /* ObjectMapper.framework.dSYM */,
				22B16A591E801DEB0012BAF0 /* Bond.framework.dSYM */,
				22B16A5A1E801DEB0012BAF0 /* ReactiveKit.framework.dSYM */,
				22B16A5B1E801DEB0012BAF0 /* Diff.framework.dSYM */,
				22B16A5C1E801DEB0012BAF0 /* Alamofire.framework.dSYM */,
				22B16A5D1E801DEB0012BAF0 /* Starscream.framework.dSYM */,
			);
			name = Frameworks;
			sourceTree = "<group>";
		};
		22B16A3F1E7FEFA10012BAF0 /* Externals */ = {
			isa = PBXGroup;
			children = (
				22B16A401E7FEFAA0012BAF0 /* Birdsong */,
			);
			name = Externals;
			sourceTree = "<group>";
		};
		22B16A401E7FEFAA0012BAF0 /* Birdsong */ = {
			isa = PBXGroup;
			children = (
				22B16A491E8010AB0012BAF0 /* Channel.swift */,
				22B16A4A1E8010AB0012BAF0 /* Presence.swift */,
				22B16A4B1E8010AB0012BAF0 /* Push.swift */,
				22B16A4C1E8010AB0012BAF0 /* Response.swift */,
				22B16A4D1E8010AB0012BAF0 /* Socket.swift */,
			);
			name = Birdsong;
			sourceTree = "<group>";
		};
		22EDFCDC1E72A84E00D221C7 /* Extensions */ = {
			isa = PBXGroup;
			children = (
				2223DE621E31531C00D7B0FE /* NSView+BackgroundColored.swift */,
				2219CB691EB357DC0053EE86 /* Data+XOR.swift */,
				22291ABC1EE9519E00625DBF /* String+InsensitivePrefix.swift */,
			);
			name = Extensions;
			sourceTree = "<group>";
		};
/* End PBXGroup section */

/* Begin PBXNativeTarget section */
		2223DE181E30F74800D7B0FE /* Fontstore */ = {
			isa = PBXNativeTarget;
			buildConfigurationList = 2223DE3C1E30F74900D7B0FE /* Build configuration list for PBXNativeTarget "Fontstore" */;
			buildPhases = (
				2223DE151E30F74800D7B0FE /* Sources */,
				2223DE161E30F74800D7B0FE /* Frameworks */,
				2223DE171E30F74800D7B0FE /* Resources */,
				22B16A241E7BEB650012BAF0 /* Embed Frameworks */,
				22B16A261E7BEBAF0012BAF0 /* CopyFiles */,
			);
			buildRules = (
			);
			dependencies = (
			);
			name = Fontstore;
			productName = FontYou;
			productReference = 2223DE191E30F74800D7B0FE /* Fontstore.app */;
			productType = "com.apple.product-type.application";
		};
		2223DE271E30F74900D7B0FE /* FontstoreTests */ = {
			isa = PBXNativeTarget;
			buildConfigurationList = 2223DE3F1E30F74900D7B0FE /* Build configuration list for PBXNativeTarget "FontstoreTests" */;
			buildPhases = (
				2223DE241E30F74900D7B0FE /* Sources */,
				2223DE251E30F74900D7B0FE /* Frameworks */,
				2223DE261E30F74900D7B0FE /* Resources */,
			);
			buildRules = (
			);
			dependencies = (
				2223DE2A1E30F74900D7B0FE /* PBXTargetDependency */,
			);
			name = FontstoreTests;
			productName = FontYouTests;
			productReference = 2223DE281E30F74900D7B0FE /* FontstoreTests.xctest */;
			productType = "com.apple.product-type.bundle.unit-test";
		};
		2223DE321E30F74900D7B0FE /* FontstoreUITests */ = {
			isa = PBXNativeTarget;
			buildConfigurationList = 2223DE421E30F74900D7B0FE /* Build configuration list for PBXNativeTarget "FontstoreUITests" */;
			buildPhases = (
				2223DE2F1E30F74900D7B0FE /* Sources */,
				2223DE301E30F74900D7B0FE /* Frameworks */,
				2223DE311E30F74900D7B0FE /* Resources */,
			);
			buildRules = (
			);
			dependencies = (
				2223DE351E30F74900D7B0FE /* PBXTargetDependency */,
			);
			name = FontstoreUITests;
			productName = FontYouUITests;
			productReference = 2223DE331E30F74900D7B0FE /* FontstoreUITests.xctest */;
			productType = "com.apple.product-type.bundle.ui-testing";
		};
/* End PBXNativeTarget section */

/* Begin PBXProject section */
		2223DE111E30F74800D7B0FE /* Project object */ = {
			isa = PBXProject;
			attributes = {
				LastSwiftUpdateCheck = 0820;
				LastUpgradeCheck = 0820;
				ORGANIZATIONNAME = "Arctic Whiteness";
				TargetAttributes = {
					2223DE181E30F74800D7B0FE = {
						CreatedOnToolsVersion = 8.2.1;
						DevelopmentTeam = J9GJY5BYX5;
						LastSwiftMigration = 0820;
						ProvisioningStyle = Automatic;
					};
					2223DE271E30F74900D7B0FE = {
						CreatedOnToolsVersion = 8.2.1;
						DevelopmentTeam = MXZ782EHFK;
						LastSwiftMigration = 0820;
						ProvisioningStyle = Automatic;
						TestTargetID = 2223DE181E30F74800D7B0FE;
					};
					2223DE321E30F74900D7B0FE = {
						CreatedOnToolsVersion = 8.2.1;
						DevelopmentTeam = MXZ782EHFK;
						LastSwiftMigration = 0820;
						ProvisioningStyle = Automatic;
						TestTargetID = 2223DE181E30F74800D7B0FE;
					};
				};
			};
			buildConfigurationList = 2223DE141E30F74800D7B0FE /* Build configuration list for PBXProject "Fontstore" */;
			compatibilityVersion = "Xcode 3.2";
			developmentRegion = English;
			hasScannedForEncodings = 0;
			knownRegions = (
				en,
				Base,
			);
			mainGroup = 2223DE101E30F74800D7B0FE;
			productRefGroup = 2223DE1A1E30F74800D7B0FE /* Products */;
			projectDirPath = "";
			projectRoot = "";
			targets = (
				2223DE181E30F74800D7B0FE /* Fontstore */,
				2223DE271E30F74900D7B0FE /* FontstoreTests */,
				2223DE321E30F74900D7B0FE /* FontstoreUITests */,
			);
		};
/* End PBXProject section */

/* Begin PBXResourcesBuildPhase section */
		2223DE171E30F74800D7B0FE /* Resources */ = {
			isa = PBXResourcesBuildPhase;
			buildActionMask = 2147483647;
			files = (
				221F86151E978AB6001097A8 /* loader_00014.png in Resources */,
				221F86A71E978B31001097A8 /* loader_00012@2x.png in Resources */,
				221F860E1E978AB6001097A8 /* loader_00007.png in Resources */,
				221F86AE1E978B31001097A8 /* loader_00019@2x.png in Resources */,
				221F86271E978AB6001097A8 /* loader_00032.png in Resources */,
				221F860C1E978AB6001097A8 /* loader_00005.png in Resources */,
				221F86131E978AB6001097A8 /* loader_00012.png in Resources */,
				2223DE1F1E30F74800D7B0FE /* Assets.xcassets in Resources */,
				221F86B21E978B31001097A8 /* loader_00023@2x.png in Resources */,
				221F86B61E978B31001097A8 /* loader_00027@2x.png in Resources */,
				2223DE5A1E312E4F00D7B0FE /* ListingViewController.xib in Resources */,
				DE47F9E11EFD4489009F6CE0 /* dsa_pub.pem in Resources */,
				221F86A61E978B31001097A8 /* loader_00011@2x.png in Resources */,
				221F869C1E978B31001097A8 /* loader_00001@2x.png in Resources */,
				221F86201E978AB6001097A8 /* loader_00025.png in Resources */,
				221F86B41E978B31001097A8 /* loader_00025@2x.png in Resources */,
				221F86BE1E978B31001097A8 /* loader_00035@2x.png in Resources */,
				221F86AA1E978B31001097A8 /* loader_00015@2x.png in Resources */,
				221F86A91E978B31001097A8 /* loader_00014@2x.png in Resources */,
				221F86091E978AB6001097A8 /* loader_00002.png in Resources */,
				221F861D1E978AB6001097A8 /* loader_00022.png in Resources */,
				22B16A1D1E7BE7F60012BAF0 /* Cartfile in Resources */,
				221F86141E978AB6001097A8 /* loader_00013.png in Resources */,
				221F869B1E978B31001097A8 /* loader_00000@2x.png in Resources */,
				221F86291E978AB6001097A8 /* loader_00034.png in Resources */,
				221F86A21E978B31001097A8 /* loader_00007@2x.png in Resources */,
				221F86211E978AB6001097A8 /* loader_00026.png in Resources */,
				221F86B01E978B31001097A8 /* loader_00021@2x.png in Resources */,
				221F860B1E978AB6001097A8 /* loader_00004.png in Resources */,
				2223DE481E30FA8A00D7B0FE /* MainViewController.xib in Resources */,
				221F86221E978AB6001097A8 /* loader_00027.png in Resources */,
				221F86B81E978B31001097A8 /* loader_00029@2x.png in Resources */,
				221F862A1E978AB6001097A8 /* loader_00035.png in Resources */,
				2223DE561E312E1000D7B0FE /* LogonViewController.xib in Resources */,
				221F86A31E978B31001097A8 /* loader_00008@2x.png in Resources */,
				221F86111E978AB6001097A8 /* loader_00010.png in Resources */,
				221F86251E978AB6001097A8 /* loader_00030.png in Resources */,
				221F861E1E978AB6001097A8 /* loader_00023.png in Resources */,
				221F86AC1E978B31001097A8 /* loader_00017@2x.png in Resources */,
				221F86071E978AB6001097A8 /* loader_00000.png in Resources */,
				221F86191E978AB6001097A8 /* loader_00018.png in Resources */,
				221F86261E978AB6001097A8 /* loader_00031.png in Resources */,
				221F86121E978AB6001097A8 /* loader_00011.png in Resources */,
				221F86B71E978B31001097A8 /* loader_00028@2x.png in Resources */,
				221F860F1E978AB6001097A8 /* loader_00008.png in Resources */,
				221F86BA1E978B31001097A8 /* loader_00031@2x.png in Resources */,
				221F86B11E978B31001097A8 /* loader_00022@2x.png in Resources */,
				221F86AB1E978B31001097A8 /* loader_00016@2x.png in Resources */,
				221F86A51E978B31001097A8 /* loader_00010@2x.png in Resources */,
				221F869E1E978B31001097A8 /* loader_00003@2x.png in Resources */,
				221F86AF1E978B31001097A8 /* loader_00020@2x.png in Resources */,
				221F86081E978AB6001097A8 /* loader_00001.png in Resources */,
				221F86181E978AB6001097A8 /* loader_00017.png in Resources */,
				221F86B31E978B31001097A8 /* loader_00024@2x.png in Resources */,
				221F860A1E978AB6001097A8 /* loader_00003.png in Resources */,
				221F860D1E978AB6001097A8 /* loader_00006.png in Resources */,
				221F861F1E978AB6001097A8 /* loader_00024.png in Resources */,
				221F86101E978AB6001097A8 /* loader_00009.png in Resources */,
				221F86A81E978B31001097A8 /* loader_00013@2x.png in Resources */,
				221F86241E978AB6001097A8 /* loader_00029.png in Resources */,
				221F86B91E978B31001097A8 /* loader_00030@2x.png in Resources */,
				221F86B51E978B31001097A8 /* loader_00026@2x.png in Resources */,
				221F861B1E978AB6001097A8 /* loader_00020.png in Resources */,
				221F86231E978AB6001097A8 /* loader_00028.png in Resources */,
				2275FE7D1E76A98A00B357E7 /* Fonts in Resources */,
				221F861A1E978AB6001097A8 /* loader_00019.png in Resources */,
				221F869D1E978B31001097A8 /* loader_00002@2x.png in Resources */,
				221F86BB1E978B31001097A8 /* loader_00032@2x.png in Resources */,
				221F86171E978AB6001097A8 /* loader_00016.png in Resources */,
				221F861C1E978AB6001097A8 /* loader_00021.png in Resources */,
				221F86A11E978B31001097A8 /* loader_00006@2x.png in Resources */,
				221F86A01E978B31001097A8 /* loader_00005@2x.png in Resources */,
				221F86A41E978B31001097A8 /* loader_00009@2x.png in Resources */,
				2223DE221E30F74800D7B0FE /* MainMenu.xib in Resources */,
				221F86BF1E978B31001097A8 /* loader_00036@2x.png in Resources */,
				221F862B1E978AB6001097A8 /* loader_00036.png in Resources */,
				221F869F1E978B31001097A8 /* loader_00004@2x.png in Resources */,
				22DA52A71E7A9EA200697725 /* AppFonts in Resources */,
				221F86161E978AB6001097A8 /* loader_00015.png in Resources */,
				221F86281E978AB6001097A8 /* loader_00033.png in Resources */,
				221F86BD1E978B31001097A8 /* loader_00034@2x.png in Resources */,
				221F86AD1E978B31001097A8 /* loader_00018@2x.png in Resources */,
				221F86BC1E978B31001097A8 /* loader_00033@2x.png in Resources */,
			);
			runOnlyForDeploymentPostprocessing = 0;
		};
		2223DE261E30F74900D7B0FE /* Resources */ = {
			isa = PBXResourcesBuildPhase;
			buildActionMask = 2147483647;
			files = (
			);
			runOnlyForDeploymentPostprocessing = 0;
		};
		2223DE311E30F74900D7B0FE /* Resources */ = {
			isa = PBXResourcesBuildPhase;
			buildActionMask = 2147483647;
			files = (
			);
			runOnlyForDeploymentPostprocessing = 0;
		};
/* End PBXResourcesBuildPhase section */

/* Begin PBXSourcesBuildPhase section */
		2223DE151E30F74800D7B0FE /* Sources */ = {
			isa = PBXSourcesBuildPhase;
			buildActionMask = 2147483647;
			files = (
				2223DE551E312E1000D7B0FE /* LogonViewController.swift in Sources */,
				22B16A671E82ADF10012BAF0 /* MutableObservableDictionary+Mappable.swift in Sources */,
				22291ABF1EE9558600625DBF /* VerticallyCenteredTextFieldCell.swift in Sources */,
				2223DE501E3129E000D7B0FE /* Constants.swift in Sources */,
				22B16A191E7AF2390012BAF0 /* RoundedView.swift in Sources */,
				2223DE4C1E31177700D7B0FE /* DetachableWindow.swift in Sources */,
				221E63731E36125700944B1B /* ArrowWindow.swift in Sources */,
				22B16A521E8010AB0012BAF0 /* Socket.swift in Sources */,
				220797571EDDFBB700B3C503 /* NonClickableView.swift in Sources */,
				22291ABD1EE9519E00625DBF /* String+InsensitivePrefix.swift in Sources */,
				2219CB6A1EB357DC0053EE86 /* Data+XOR.swift in Sources */,
				221F86C11E978C70001097A8 /* AnimatedImageView.swift in Sources */,
				2223DE4A1E30FC6C00D7B0FE /* EventMonitor.swift in Sources */,
				22B16A511E8010AB0012BAF0 /* Response.swift in Sources */,
				2223DE591E312E4F00D7B0FE /* ListingViewController.swift in Sources */,
				22DA52A51E7A75AE00697725 /* TabButton.swift in Sources */,
				2223DE1D1E30F74800D7B0FE /* AppDelegate.swift in Sources */,
				2283BBB91E793C6F0040A34E /* IndicatorStackView.swift in Sources */,
				2223DE631E31531C00D7B0FE /* NSView+BackgroundColored.swift in Sources */,
				222FEEE41EE8797B0045B4CB /* HoverButton.swift in Sources */,
				2283BBB31E7711DD0040A34E /* FontCellView.swift in Sources */,
				2223DE471E30FA8A00D7B0FE /* MainViewController.swift in Sources */,
				2283BBB71E77D31F0040A34E /* RoundedButton.swift in Sources */,
				22B16A3E1E7FD7550012BAF0 /* SecureTextFieldCell.swift in Sources */,
				221E636E1E3237A500944B1B /* StyleKit.swift in Sources */,
				22B16A501E8010AB0012BAF0 /* Push.swift in Sources */,
				22B16A631E801ED20012BAF0 /* Catalog.swift in Sources */,
				2283BBB11E7709D90040A34E /* ListingRowView.swift in Sources */,
				2275FE7B1E76A91000B357E7 /* FontUtility.m in Sources */,
				2275FE821E77002700B357E7 /* FamilyCellView.swift in Sources */,
				22B16A4E1E8010AB0012BAF0 /* Channel.swift in Sources */,
				2283BBB51E7734ED0040A34E /* OutlineView.swift in Sources */,
				22EDFCDB1E72A81700D221C7 /* NSStatusBarButton+Highlighting.swift in Sources */,
				22B16A4F1E8010AB0012BAF0 /* Presence.swift in Sources */,
				2275FE801E76A9C300B357E7 /* FontStore.swift in Sources */,
			);
			runOnlyForDeploymentPostprocessing = 0;
		};
		2223DE241E30F74900D7B0FE /* Sources */ = {
			isa = PBXSourcesBuildPhase;
			buildActionMask = 2147483647;
			files = (
				2223DE2D1E30F74900D7B0FE /* FontYouTests.swift in Sources */,
			);
			runOnlyForDeploymentPostprocessing = 0;
		};
		2223DE2F1E30F74900D7B0FE /* Sources */ = {
			isa = PBXSourcesBuildPhase;
			buildActionMask = 2147483647;
			files = (
				2223DE381E30F74900D7B0FE /* FontYouUITests.swift in Sources */,
			);
			runOnlyForDeploymentPostprocessing = 0;
		};
/* End PBXSourcesBuildPhase section */

/* Begin PBXTargetDependency section */
		2223DE2A1E30F74900D7B0FE /* PBXTargetDependency */ = {
			isa = PBXTargetDependency;
			target = 2223DE181E30F74800D7B0FE /* Fontstore */;
			targetProxy = 2223DE291E30F74900D7B0FE /* PBXContainerItemProxy */;
		};
		2223DE351E30F74900D7B0FE /* PBXTargetDependency */ = {
			isa = PBXTargetDependency;
			target = 2223DE181E30F74800D7B0FE /* Fontstore */;
			targetProxy = 2223DE341E30F74900D7B0FE /* PBXContainerItemProxy */;
		};
/* End PBXTargetDependency section */

/* Begin PBXVariantGroup section */
		2223DE201E30F74800D7B0FE /* MainMenu.xib */ = {
			isa = PBXVariantGroup;
			children = (
				2223DE211E30F74800D7B0FE /* Base */,
			);
			name = MainMenu.xib;
			sourceTree = "<group>";
		};
/* End PBXVariantGroup section */

/* Begin XCBuildConfiguration section */
		2223DE3A1E30F74900D7B0FE /* Debug */ = {
			isa = XCBuildConfiguration;
			buildSettings = {
				ALWAYS_SEARCH_USER_PATHS = NO;
				CLANG_ANALYZER_NONNULL = YES;
				CLANG_CXX_LANGUAGE_STANDARD = "gnu++0x";
				CLANG_CXX_LIBRARY = "libc++";
				CLANG_ENABLE_MODULES = YES;
				CLANG_ENABLE_OBJC_ARC = YES;
				CLANG_WARN_BOOL_CONVERSION = YES;
				CLANG_WARN_CONSTANT_CONVERSION = YES;
				CLANG_WARN_DIRECT_OBJC_ISA_USAGE = YES_ERROR;
				CLANG_WARN_DOCUMENTATION_COMMENTS = YES;
				CLANG_WARN_EMPTY_BODY = YES;
				CLANG_WARN_ENUM_CONVERSION = YES;
				CLANG_WARN_INFINITE_RECURSION = YES;
				CLANG_WARN_INT_CONVERSION = YES;
				CLANG_WARN_OBJC_ROOT_CLASS = YES_ERROR;
				CLANG_WARN_SUSPICIOUS_MOVE = YES;
				CLANG_WARN_UNREACHABLE_CODE = YES;
				CLANG_WARN__DUPLICATE_METHOD_MATCH = YES;
				CODE_SIGN_IDENTITY = "-";
				COPY_PHASE_STRIP = NO;
				DEBUG_INFORMATION_FORMAT = dwarf;
				ENABLE_STRICT_OBJC_MSGSEND = YES;
				ENABLE_TESTABILITY = YES;
				GCC_C_LANGUAGE_STANDARD = gnu99;
				GCC_DYNAMIC_NO_PIC = NO;
				GCC_NO_COMMON_BLOCKS = YES;
				GCC_OPTIMIZATION_LEVEL = 0;
				GCC_PREPROCESSOR_DEFINITIONS = (
					"DEBUG=1",
					"$(inherited)",
				);
				GCC_WARN_64_TO_32_BIT_CONVERSION = YES;
				GCC_WARN_ABOUT_RETURN_TYPE = YES_ERROR;
				GCC_WARN_UNDECLARED_SELECTOR = YES;
				GCC_WARN_UNINITIALIZED_AUTOS = YES_AGGRESSIVE;
				GCC_WARN_UNUSED_FUNCTION = YES;
				GCC_WARN_UNUSED_VARIABLE = YES;
				MACOSX_DEPLOYMENT_TARGET = 10.11;
				MTL_ENABLE_DEBUG_INFO = YES;
				ONLY_ACTIVE_ARCH = YES;
				SDKROOT = macosx;
				SWIFT_ACTIVE_COMPILATION_CONDITIONS = DEBUG;
				SWIFT_OPTIMIZATION_LEVEL = "-Onone";
			};
			name = Debug;
		};
		2223DE3B1E30F74900D7B0FE /* Release */ = {
			isa = XCBuildConfiguration;
			buildSettings = {
				ALWAYS_SEARCH_USER_PATHS = NO;
				CLANG_ANALYZER_NONNULL = YES;
				CLANG_CXX_LANGUAGE_STANDARD = "gnu++0x";
				CLANG_CXX_LIBRARY = "libc++";
				CLANG_ENABLE_MODULES = YES;
				CLANG_ENABLE_OBJC_ARC = YES;
				CLANG_WARN_BOOL_CONVERSION = YES;
				CLANG_WARN_CONSTANT_CONVERSION = YES;
				CLANG_WARN_DIRECT_OBJC_ISA_USAGE = YES_ERROR;
				CLANG_WARN_DOCUMENTATION_COMMENTS = YES;
				CLANG_WARN_EMPTY_BODY = YES;
				CLANG_WARN_ENUM_CONVERSION = YES;
				CLANG_WARN_INFINITE_RECURSION = YES;
				CLANG_WARN_INT_CONVERSION = YES;
				CLANG_WARN_OBJC_ROOT_CLASS = YES_ERROR;
				CLANG_WARN_SUSPICIOUS_MOVE = YES;
				CLANG_WARN_UNREACHABLE_CODE = YES;
				CLANG_WARN__DUPLICATE_METHOD_MATCH = YES;
				CODE_SIGN_IDENTITY = "-";
				COPY_PHASE_STRIP = NO;
				DEBUG_INFORMATION_FORMAT = "dwarf-with-dsym";
				ENABLE_NS_ASSERTIONS = NO;
				ENABLE_STRICT_OBJC_MSGSEND = YES;
				GCC_C_LANGUAGE_STANDARD = gnu99;
				GCC_NO_COMMON_BLOCKS = YES;
				GCC_WARN_64_TO_32_BIT_CONVERSION = YES;
				GCC_WARN_ABOUT_RETURN_TYPE = YES_ERROR;
				GCC_WARN_UNDECLARED_SELECTOR = YES;
				GCC_WARN_UNINITIALIZED_AUTOS = YES_AGGRESSIVE;
				GCC_WARN_UNUSED_FUNCTION = YES;
				GCC_WARN_UNUSED_VARIABLE = YES;
				MACOSX_DEPLOYMENT_TARGET = 10.11;
				MTL_ENABLE_DEBUG_INFO = NO;
				SDKROOT = macosx;
				SWIFT_OPTIMIZATION_LEVEL = "-Owholemodule";
			};
			name = Release;
		};
		2223DE3D1E30F74900D7B0FE /* Debug */ = {
			isa = XCBuildConfiguration;
			buildSettings = {
				ASSETCATALOG_COMPILER_APPICON_NAME = AppIcon;
				CLANG_ENABLE_MODULES = YES;
				CODE_SIGN_IDENTITY = "";
				COMBINE_HIDPI_IMAGES = YES;
				DEVELOPMENT_TEAM = J9GJY5BYX5;
				FRAMEWORK_SEARCH_PATHS = (
					"$(inherited)",
					"$(PROJECT_DIR)/Carthage/Build/Mac",
					"$(PROJECT_DIR)",
				);
				INFOPLIST_FILE = FontYou/Info.plist;
				LD_RUNPATH_SEARCH_PATHS = "$(inherited) @executable_path/../Frameworks";
				MACOSX_DEPLOYMENT_TARGET = 10.10;
				PRODUCT_BUNDLE_IDENTIFIER = com.arcticwhiteness.fontstore;
				PRODUCT_NAME = "$(TARGET_NAME)";
				SWIFT_OBJC_BRIDGING_HEADER = "FontYou/Fontstore-Bridging-Header.h";
				SWIFT_OPTIMIZATION_LEVEL = "-Onone";
				SWIFT_VERSION = 3.0;
			};
			name = Debug;
		};
		2223DE3E1E30F74900D7B0FE /* Release */ = {
			isa = XCBuildConfiguration;
			buildSettings = {
				ASSETCATALOG_COMPILER_APPICON_NAME = AppIcon;
				CLANG_ENABLE_MODULES = YES;
				CODE_SIGN_IDENTITY = "Mac Developer";
				COMBINE_HIDPI_IMAGES = YES;
				DEVELOPMENT_TEAM = J9GJY5BYX5;
				FRAMEWORK_SEARCH_PATHS = (
					"$(inherited)",
					"$(PROJECT_DIR)/Carthage/Build/Mac",
					"$(PROJECT_DIR)",
				);
				INFOPLIST_FILE = FontYou/Info.plist;
				LD_RUNPATH_SEARCH_PATHS = "$(inherited) @executable_path/../Frameworks";
				MACOSX_DEPLOYMENT_TARGET = 10.10;
				"OTHER_SWIFT_FLAGS[arch=*]" = "-D PROD";
				PRODUCT_BUNDLE_IDENTIFIER = com.arcticwhiteness.fontstore;
				PRODUCT_NAME = "$(TARGET_NAME)";
				SWIFT_OBJC_BRIDGING_HEADER = "FontYou/Fontstore-Bridging-Header.h";
				SWIFT_VERSION = 3.0;
			};
			name = Release;
		};
		2223DE401E30F74900D7B0FE /* Debug */ = {
			isa = XCBuildConfiguration;
			buildSettings = {
				ALWAYS_EMBED_SWIFT_STANDARD_LIBRARIES = YES;
				BUNDLE_LOADER = "$(TEST_HOST)";
				COMBINE_HIDPI_IMAGES = YES;
				DEVELOPMENT_TEAM = MXZ782EHFK;
				INFOPLIST_FILE = FontYouTests/Info.plist;
				LD_RUNPATH_SEARCH_PATHS = "$(inherited) @executable_path/../Frameworks @loader_path/../Frameworks";
				PRODUCT_BUNDLE_IDENTIFIER = com.arcticwhiteness.FontYouTests;
				PRODUCT_NAME = "$(TARGET_NAME)";
				SWIFT_VERSION = 3.0;
				TEST_HOST = "$(BUILT_PRODUCTS_DIR)/Fontstore.temp_caseinsensitive_rename.app/Contents/MacOS/Fontstore.temp_caseinsensitive_rename";
			};
			name = Debug;
		};
		2223DE411E30F74900D7B0FE /* Release */ = {
			isa = XCBuildConfiguration;
			buildSettings = {
				ALWAYS_EMBED_SWIFT_STANDARD_LIBRARIES = YES;
				BUNDLE_LOADER = "$(TEST_HOST)";
				COMBINE_HIDPI_IMAGES = YES;
				DEVELOPMENT_TEAM = MXZ782EHFK;
				INFOPLIST_FILE = FontYouTests/Info.plist;
				LD_RUNPATH_SEARCH_PATHS = "$(inherited) @executable_path/../Frameworks @loader_path/../Frameworks";
				PRODUCT_BUNDLE_IDENTIFIER = com.arcticwhiteness.FontYouTests;
				PRODUCT_NAME = "$(TARGET_NAME)";
				SWIFT_VERSION = 3.0;
				TEST_HOST = "$(BUILT_PRODUCTS_DIR)/Fontstore.temp_caseinsensitive_rename.app/Contents/MacOS/Fontstore.temp_caseinsensitive_rename";
			};
			name = Release;
		};
		2223DE431E30F74900D7B0FE /* Debug */ = {
			isa = XCBuildConfiguration;
			buildSettings = {
				ALWAYS_EMBED_SWIFT_STANDARD_LIBRARIES = YES;
				COMBINE_HIDPI_IMAGES = YES;
				DEVELOPMENT_TEAM = MXZ782EHFK;
				INFOPLIST_FILE = FontYouUITests/Info.plist;
				LD_RUNPATH_SEARCH_PATHS = "$(inherited) @executable_path/../Frameworks @loader_path/../Frameworks";
				PRODUCT_BUNDLE_IDENTIFIER = com.arcticwhiteness.FontYouUITests;
				PRODUCT_NAME = "$(TARGET_NAME)";
				SWIFT_VERSION = 3.0;
				TEST_TARGET_NAME = FontYou;
			};
			name = Debug;
		};
		2223DE441E30F74900D7B0FE /* Release */ = {
			isa = XCBuildConfiguration;
			buildSettings = {
				ALWAYS_EMBED_SWIFT_STANDARD_LIBRARIES = YES;
				COMBINE_HIDPI_IMAGES = YES;
				DEVELOPMENT_TEAM = MXZ782EHFK;
				INFOPLIST_FILE = FontYouUITests/Info.plist;
				LD_RUNPATH_SEARCH_PATHS = "$(inherited) @executable_path/../Frameworks @loader_path/../Frameworks";
				PRODUCT_BUNDLE_IDENTIFIER = com.arcticwhiteness.FontYouUITests;
				PRODUCT_NAME = "$(TARGET_NAME)";
				SWIFT_VERSION = 3.0;
				TEST_TARGET_NAME = FontYou;
			};
			name = Release;
		};
/* End XCBuildConfiguration section */

/* Begin XCConfigurationList section */
		2223DE141E30F74800D7B0FE /* Build configuration list for PBXProject "Fontstore" */ = {
			isa = XCConfigurationList;
			buildConfigurations = (
				2223DE3A1E30F74900D7B0FE /* Debug */,
				2223DE3B1E30F74900D7B0FE /* Release */,
			);
			defaultConfigurationIsVisible = 0;
			defaultConfigurationName = Release;
		};
		2223DE3C1E30F74900D7B0FE /* Build configuration list for PBXNativeTarget "Fontstore" */ = {
			isa = XCConfigurationList;
			buildConfigurations = (
				2223DE3D1E30F74900D7B0FE /* Debug */,
				2223DE3E1E30F74900D7B0FE /* Release */,
			);
			defaultConfigurationIsVisible = 0;
			defaultConfigurationName = Release;
		};
		2223DE3F1E30F74900D7B0FE /* Build configuration list for PBXNativeTarget "FontstoreTests" */ = {
			isa = XCConfigurationList;
			buildConfigurations = (
				2223DE401E30F74900D7B0FE /* Debug */,
				2223DE411E30F74900D7B0FE /* Release */,
			);
			defaultConfigurationIsVisible = 0;
			defaultConfigurationName = Release;
		};
		2223DE421E30F74900D7B0FE /* Build configuration list for PBXNativeTarget "FontstoreUITests" */ = {
			isa = XCConfigurationList;
			buildConfigurations = (
				2223DE431E30F74900D7B0FE /* Debug */,
				2223DE441E30F74900D7B0FE /* Release */,
			);
			defaultConfigurationIsVisible = 0;
			defaultConfigurationName = Release;
		};
/* End XCConfigurationList section */
	};
	rootObject = 2223DE111E30F74800D7B0FE /* Project object */;
}
