// !$*UTF8*$!
{
	archiveVersion = 1;
	classes = {
	};
	objectVersion = 46;
	objects = {

/* Begin PBXBuildFile section */
		221E636E1E3237A500944B1B /* StyleKit.swift in Sources */ = {isa = PBXBuildFile; fileRef = 221E636D1E3237A500944B1B /* StyleKit.swift */; };
		221E63731E36125700944B1B /* ArrowWindow.swift in Sources */ = {isa = PBXBuildFile; fileRef = 221E63721E36125700944B1B /* ArrowWindow.swift */; };
		2223DE1D1E30F74800D7B0FE /* AppDelegate.swift in Sources */ = {isa = PBXBuildFile; fileRef = 2223DE1C1E30F74800D7B0FE /* AppDelegate.swift */; };
		2223DE1F1E30F74800D7B0FE /* Assets.xcassets in Resources */ = {isa = PBXBuildFile; fileRef = 2223DE1E1E30F74800D7B0FE /* Assets.xcassets */; };
		2223DE221E30F74800D7B0FE /* MainMenu.xib in Resources */ = {isa = PBXBuildFile; fileRef = 2223DE201E30F74800D7B0FE /* MainMenu.xib */; };
		2223DE2D1E30F74900D7B0FE /* FontYouTests.swift in Sources */ = {isa = PBXBuildFile; fileRef = 2223DE2C1E30F74900D7B0FE /* FontYouTests.swift */; };
		2223DE381E30F74900D7B0FE /* FontYouUITests.swift in Sources */ = {isa = PBXBuildFile; fileRef = 2223DE371E30F74900D7B0FE /* FontYouUITests.swift */; };
		2223DE471E30FA8A00D7B0FE /* MainViewController.swift in Sources */ = {isa = PBXBuildFile; fileRef = 2223DE451E30FA8A00D7B0FE /* MainViewController.swift */; };
		2223DE481E30FA8A00D7B0FE /* MainViewController.xib in Resources */ = {isa = PBXBuildFile; fileRef = 2223DE461E30FA8A00D7B0FE /* MainViewController.xib */; };
		2223DE4A1E30FC6C00D7B0FE /* EventMonitor.swift in Sources */ = {isa = PBXBuildFile; fileRef = 2223DE491E30FC6C00D7B0FE /* EventMonitor.swift */; };
		2223DE4C1E31177700D7B0FE /* DetachableWindow.swift in Sources */ = {isa = PBXBuildFile; fileRef = 2223DE4B1E31177700D7B0FE /* DetachableWindow.swift */; };
		2223DE501E3129E000D7B0FE /* Constants.swift in Sources */ = {isa = PBXBuildFile; fileRef = 2223DE4F1E3129E000D7B0FE /* Constants.swift */; };
		2223DE551E312E1000D7B0FE /* LogonViewController.swift in Sources */ = {isa = PBXBuildFile; fileRef = 2223DE531E312E1000D7B0FE /* LogonViewController.swift */; };
		2223DE561E312E1000D7B0FE /* LogonViewController.xib in Resources */ = {isa = PBXBuildFile; fileRef = 2223DE541E312E1000D7B0FE /* LogonViewController.xib */; };
		2223DE591E312E4F00D7B0FE /* ListingViewController.swift in Sources */ = {isa = PBXBuildFile; fileRef = 2223DE571E312E4F00D7B0FE /* ListingViewController.swift */; };
		2223DE5A1E312E4F00D7B0FE /* ListingViewController.xib in Resources */ = {isa = PBXBuildFile; fileRef = 2223DE581E312E4F00D7B0FE /* ListingViewController.xib */; };
		2223DE631E31531C00D7B0FE /* NSView+BackgroundColored.swift in Sources */ = {isa = PBXBuildFile; fileRef = 2223DE621E31531C00D7B0FE /* NSView+BackgroundColored.swift */; };
		2275FE7B1E76A91000B357E7 /* FontUtility.m in Sources */ = {isa = PBXBuildFile; fileRef = 2275FE7A1E76A91000B357E7 /* FontUtility.m */; };
		2275FE7D1E76A98A00B357E7 /* Fonts in Resources */ = {isa = PBXBuildFile; fileRef = 2275FE7C1E76A98A00B357E7 /* Fonts */; };
		2275FE801E76A9C300B357E7 /* FontStore.swift in Sources */ = {isa = PBXBuildFile; fileRef = 2275FE7F1E76A9C300B357E7 /* FontStore.swift */; };
		2275FE821E77002700B357E7 /* FamilyCellView.swift in Sources */ = {isa = PBXBuildFile; fileRef = 2275FE811E77002700B357E7 /* FamilyCellView.swift */; };
		2283BBB11E7709D90040A34E /* ListingRowView.swift in Sources */ = {isa = PBXBuildFile; fileRef = 2283BBB01E7709D90040A34E /* ListingRowView.swift */; };
		2283BBB31E7711DD0040A34E /* FontCellView.swift in Sources */ = {isa = PBXBuildFile; fileRef = 2283BBB21E7711DD0040A34E /* FontCellView.swift */; };
		2283BBB51E7734ED0040A34E /* OutlineView.swift in Sources */ = {isa = PBXBuildFile; fileRef = 2283BBB41E7734ED0040A34E /* OutlineView.swift */; };
		2283BBB71E77D31F0040A34E /* RoundedButton.swift in Sources */ = {isa = PBXBuildFile; fileRef = 2283BBB61E77D31F0040A34E /* RoundedButton.swift */; };
		2283BBB91E793C6F0040A34E /* IndicatorStackView.swift in Sources */ = {isa = PBXBuildFile; fileRef = 2283BBB81E793C6F0040A34E /* IndicatorStackView.swift */; };
		22B16A191E7AF2390012BAF0 /* RoundedView.swift in Sources */ = {isa = PBXBuildFile; fileRef = 22B16A181E7AF2390012BAF0 /* RoundedView.swift */; };
		22B16A1D1E7BE7F60012BAF0 /* Cartfile in Resources */ = {isa = PBXBuildFile; fileRef = 22B16A1C1E7BE7F60012BAF0 /* Cartfile */; };
		22B16A201E7BEB650012BAF0 /* Starscream.framework in Frameworks */ = {isa = PBXBuildFile; fileRef = 22B16A1E1E7BEB650012BAF0 /* Starscream.framework */; };
		22B16A211E7BEB650012BAF0 /* Starscream.framework in Embed Frameworks */ = {isa = PBXBuildFile; fileRef = 22B16A1E1E7BEB650012BAF0 /* Starscream.framework */; settings = {ATTRIBUTES = (CodeSignOnCopy, RemoveHeadersOnCopy, ); }; };
		22B16A221E7BEB650012BAF0 /* Alamofire.framework in Frameworks */ = {isa = PBXBuildFile; fileRef = 22B16A1F1E7BEB650012BAF0 /* Alamofire.framework */; };
		22B16A231E7BEB650012BAF0 /* Alamofire.framework in Embed Frameworks */ = {isa = PBXBuildFile; fileRef = 22B16A1F1E7BEB650012BAF0 /* Alamofire.framework */; settings = {ATTRIBUTES = (CodeSignOnCopy, RemoveHeadersOnCopy, ); }; };
		22B16A291E7BEBD40012BAF0 /* Alamofire.framework.dSYM in CopyFiles */ = {isa = PBXBuildFile; fileRef = 22B16A271E7BEBD40012BAF0 /* Alamofire.framework.dSYM */; };
		22B16A2A1E7BEBD40012BAF0 /* Starscream.framework.dSYM in CopyFiles */ = {isa = PBXBuildFile; fileRef = 22B16A281E7BEBD40012BAF0 /* Starscream.framework.dSYM */; };
		22B16A371E7BFCD50012BAF0 /* Bond.framework in Frameworks */ = {isa = PBXBuildFile; fileRef = 22B16A341E7BFCD50012BAF0 /* Bond.framework */; };
		22B16A381E7BFCD50012BAF0 /* Bond.framework in Embed Frameworks */ = {isa = PBXBuildFile; fileRef = 22B16A341E7BFCD50012BAF0 /* Bond.framework */; settings = {ATTRIBUTES = (CodeSignOnCopy, RemoveHeadersOnCopy, ); }; };
		22B16A391E7BFCD50012BAF0 /* ReactiveKit.framework in Frameworks */ = {isa = PBXBuildFile; fileRef = 22B16A351E7BFCD50012BAF0 /* ReactiveKit.framework */; };
		22B16A3A1E7BFCD50012BAF0 /* ReactiveKit.framework in Embed Frameworks */ = {isa = PBXBuildFile; fileRef = 22B16A351E7BFCD50012BAF0 /* ReactiveKit.framework */; settings = {ATTRIBUTES = (CodeSignOnCopy, RemoveHeadersOnCopy, ); }; };
		22B16A3B1E7BFCD50012BAF0 /* Diff.framework in Frameworks */ = {isa = PBXBuildFile; fileRef = 22B16A361E7BFCD50012BAF0 /* Diff.framework */; };
		22B16A3C1E7BFCD50012BAF0 /* Diff.framework in Embed Frameworks */ = {isa = PBXBuildFile; fileRef = 22B16A361E7BFCD50012BAF0 /* Diff.framework */; settings = {ATTRIBUTES = (CodeSignOnCopy, RemoveHeadersOnCopy, ); }; };
		22B16A3E1E7FD7550012BAF0 /* SecureTextFieldCell.swift in Sources */ = {isa = PBXBuildFile; fileRef = 22B16A3D1E7FD7550012BAF0 /* SecureTextFieldCell.swift */; };
		22DA52A51E7A75AE00697725 /* TabButton.swift in Sources */ = {isa = PBXBuildFile; fileRef = 22DA52A41E7A75AE00697725 /* TabButton.swift */; };
		22DA52A71E7A9EA200697725 /* AppFonts in Resources */ = {isa = PBXBuildFile; fileRef = 22DA52A61E7A9EA200697725 /* AppFonts */; };
		22EDFCDB1E72A81700D221C7 /* NSStatusBarButton+Highlighting.swift in Sources */ = {isa = PBXBuildFile; fileRef = 22EDFCDA1E72A81700D221C7 /* NSStatusBarButton+Highlighting.swift */; };
/* End PBXBuildFile section */

/* Begin PBXContainerItemProxy section */
		2223DE291E30F74900D7B0FE /* PBXContainerItemProxy */ = {
			isa = PBXContainerItemProxy;
			containerPortal = 2223DE111E30F74800D7B0FE /* Project object */;
			proxyType = 1;
			remoteGlobalIDString = 2223DE181E30F74800D7B0FE;
			remoteInfo = FontYou;
		};
		2223DE341E30F74900D7B0FE /* PBXContainerItemProxy */ = {
			isa = PBXContainerItemProxy;
			containerPortal = 2223DE111E30F74800D7B0FE /* Project object */;
			proxyType = 1;
			remoteGlobalIDString = 2223DE181E30F74800D7B0FE;
			remoteInfo = FontYou;
		};
/* End PBXContainerItemProxy section */

/* Begin PBXCopyFilesBuildPhase section */
		22B16A241E7BEB650012BAF0 /* Embed Frameworks */ = {
			isa = PBXCopyFilesBuildPhase;
			buildActionMask = 2147483647;
			dstPath = "";
			dstSubfolderSpec = 10;
			files = (
				22B16A3A1E7BFCD50012BAF0 /* ReactiveKit.framework in Embed Frameworks */,
				22B16A381E7BFCD50012BAF0 /* Bond.framework in Embed Frameworks */,
				22B16A3C1E7BFCD50012BAF0 /* Diff.framework in Embed Frameworks */,
				22B16A211E7BEB650012BAF0 /* Starscream.framework in Embed Frameworks */,
				22B16A231E7BEB650012BAF0 /* Alamofire.framework in Embed Frameworks */,
			);
			name = "Embed Frameworks";
			runOnlyForDeploymentPostprocessing = 0;
		};
		22B16A261E7BEBAF0012BAF0 /* CopyFiles */ = {
			isa = PBXCopyFilesBuildPhase;
			buildActionMask = 2147483647;
			dstPath = "";
			dstSubfolderSpec = 16;
			files = (
				22B16A291E7BEBD40012BAF0 /* Alamofire.framework.dSYM in CopyFiles */,
				22B16A2A1E7BEBD40012BAF0 /* Starscream.framework.dSYM in CopyFiles */,
			);
			runOnlyForDeploymentPostprocessing = 0;
		};
/* End PBXCopyFilesBuildPhase section */

/* Begin PBXFileReference section */
		221E636D1E3237A500944B1B /* StyleKit.swift */ = {isa = PBXFileReference; fileEncoding = 4; lastKnownFileType = sourcecode.swift; path = StyleKit.swift; sourceTree = "<group>"; };
		221E63721E36125700944B1B /* ArrowWindow.swift */ = {isa = PBXFileReference; fileEncoding = 4; lastKnownFileType = sourcecode.swift; path = ArrowWindow.swift; sourceTree = "<group>"; };
		2223DE191E30F74800D7B0FE /* FontYou.app */ = {isa = PBXFileReference; explicitFileType = wrapper.application; includeInIndex = 0; path = FontYou.app; sourceTree = BUILT_PRODUCTS_DIR; };
		2223DE1C1E30F74800D7B0FE /* AppDelegate.swift */ = {isa = PBXFileReference; lastKnownFileType = sourcecode.swift; path = AppDelegate.swift; sourceTree = "<group>"; };
		2223DE1E1E30F74800D7B0FE /* Assets.xcassets */ = {isa = PBXFileReference; lastKnownFileType = folder.assetcatalog; path = Assets.xcassets; sourceTree = "<group>"; };
		2223DE211E30F74800D7B0FE /* Base */ = {isa = PBXFileReference; lastKnownFileType = file.xib; name = Base; path = Base.lproj/MainMenu.xib; sourceTree = "<group>"; };
		2223DE231E30F74800D7B0FE /* Info.plist */ = {isa = PBXFileReference; lastKnownFileType = text.plist.xml; path = Info.plist; sourceTree = "<group>"; };
		2223DE281E30F74900D7B0FE /* FontYouTests.xctest */ = {isa = PBXFileReference; explicitFileType = wrapper.cfbundle; includeInIndex = 0; path = FontYouTests.xctest; sourceTree = BUILT_PRODUCTS_DIR; };
		2223DE2C1E30F74900D7B0FE /* FontYouTests.swift */ = {isa = PBXFileReference; lastKnownFileType = sourcecode.swift; path = FontYouTests.swift; sourceTree = "<group>"; };
		2223DE2E1E30F74900D7B0FE /* Info.plist */ = {isa = PBXFileReference; lastKnownFileType = text.plist.xml; path = Info.plist; sourceTree = "<group>"; };
		2223DE331E30F74900D7B0FE /* FontYouUITests.xctest */ = {isa = PBXFileReference; explicitFileType = wrapper.cfbundle; includeInIndex = 0; path = FontYouUITests.xctest; sourceTree = BUILT_PRODUCTS_DIR; };
		2223DE371E30F74900D7B0FE /* FontYouUITests.swift */ = {isa = PBXFileReference; lastKnownFileType = sourcecode.swift; path = FontYouUITests.swift; sourceTree = "<group>"; };
		2223DE391E30F74900D7B0FE /* Info.plist */ = {isa = PBXFileReference; lastKnownFileType = text.plist.xml; path = Info.plist; sourceTree = "<group>"; };
		2223DE451E30FA8A00D7B0FE /* MainViewController.swift */ = {isa = PBXFileReference; fileEncoding = 4; lastKnownFileType = sourcecode.swift; path = MainViewController.swift; sourceTree = "<group>"; };
		2223DE461E30FA8A00D7B0FE /* MainViewController.xib */ = {isa = PBXFileReference; fileEncoding = 4; lastKnownFileType = file.xib; path = MainViewController.xib; sourceTree = "<group>"; };
		2223DE491E30FC6C00D7B0FE /* EventMonitor.swift */ = {isa = PBXFileReference; fileEncoding = 4; lastKnownFileType = sourcecode.swift; path = EventMonitor.swift; sourceTree = "<group>"; };
		2223DE4B1E31177700D7B0FE /* DetachableWindow.swift */ = {isa = PBXFileReference; fileEncoding = 4; lastKnownFileType = sourcecode.swift; path = DetachableWindow.swift; sourceTree = "<group>"; };
		2223DE4F1E3129E000D7B0FE /* Constants.swift */ = {isa = PBXFileReference; fileEncoding = 4; lastKnownFileType = sourcecode.swift; path = Constants.swift; sourceTree = "<group>"; };
		2223DE531E312E1000D7B0FE /* LogonViewController.swift */ = {isa = PBXFileReference; fileEncoding = 4; lastKnownFileType = sourcecode.swift; path = LogonViewController.swift; sourceTree = "<group>"; };
		2223DE541E312E1000D7B0FE /* LogonViewController.xib */ = {isa = PBXFileReference; fileEncoding = 4; lastKnownFileType = file.xib; path = LogonViewController.xib; sourceTree = "<group>"; };
		2223DE571E312E4F00D7B0FE /* ListingViewController.swift */ = {isa = PBXFileReference; fileEncoding = 4; lastKnownFileType = sourcecode.swift; path = ListingViewController.swift; sourceTree = "<group>"; };
		2223DE581E312E4F00D7B0FE /* ListingViewController.xib */ = {isa = PBXFileReference; fileEncoding = 4; lastKnownFileType = file.xib; path = ListingViewController.xib; sourceTree = "<group>"; };
		2223DE621E31531C00D7B0FE /* NSView+BackgroundColored.swift */ = {isa = PBXFileReference; fileEncoding = 4; lastKnownFileType = sourcecode.swift; path = "NSView+BackgroundColored.swift"; sourceTree = "<group>"; };
		2275FE781E76A91000B357E7 /* FontYou-Bridging-Header.h */ = {isa = PBXFileReference; lastKnownFileType = sourcecode.c.h; path = "FontYou-Bridging-Header.h"; sourceTree = "<group>"; };
		2275FE791E76A91000B357E7 /* FontUtility.h */ = {isa = PBXFileReference; fileEncoding = 4; lastKnownFileType = sourcecode.c.h; path = FontUtility.h; sourceTree = "<group>"; };
		2275FE7A1E76A91000B357E7 /* FontUtility.m */ = {isa = PBXFileReference; fileEncoding = 4; lastKnownFileType = sourcecode.c.objc; path = FontUtility.m; sourceTree = "<group>"; };
		2275FE7C1E76A98A00B357E7 /* Fonts */ = {isa = PBXFileReference; lastKnownFileType = folder; path = Fonts; sourceTree = "<group>"; };
		2275FE7F1E76A9C300B357E7 /* FontStore.swift */ = {isa = PBXFileReference; fileEncoding = 4; lastKnownFileType = sourcecode.swift; path = FontStore.swift; sourceTree = "<group>"; };
		2275FE811E77002700B357E7 /* FamilyCellView.swift */ = {isa = PBXFileReference; fileEncoding = 4; lastKnownFileType = sourcecode.swift; path = FamilyCellView.swift; sourceTree = "<group>"; };
		2283BBB01E7709D90040A34E /* ListingRowView.swift */ = {isa = PBXFileReference; fileEncoding = 4; lastKnownFileType = sourcecode.swift; path = ListingRowView.swift; sourceTree = "<group>"; };
		2283BBB21E7711DD0040A34E /* FontCellView.swift */ = {isa = PBXFileReference; fileEncoding = 4; lastKnownFileType = sourcecode.swift; path = FontCellView.swift; sourceTree = "<group>"; };
		2283BBB41E7734ED0040A34E /* OutlineView.swift */ = {isa = PBXFileReference; fileEncoding = 4; lastKnownFileType = sourcecode.swift; path = OutlineView.swift; sourceTree = "<group>"; };
		2283BBB61E77D31F0040A34E /* RoundedButton.swift */ = {isa = PBXFileReference; fileEncoding = 4; lastKnownFileType = sourcecode.swift; path = RoundedButton.swift; sourceTree = "<group>"; };
		2283BBB81E793C6F0040A34E /* IndicatorStackView.swift */ = {isa = PBXFileReference; fileEncoding = 4; lastKnownFileType = sourcecode.swift; path = IndicatorStackView.swift; sourceTree = "<group>"; };
		22B16A181E7AF2390012BAF0 /* RoundedView.swift */ = {isa = PBXFileReference; fileEncoding = 4; lastKnownFileType = sourcecode.swift; path = RoundedView.swift; sourceTree = "<group>"; };
		22B16A1C1E7BE7F60012BAF0 /* Cartfile */ = {isa = PBXFileReference; fileEncoding = 4; lastKnownFileType = text; path = Cartfile; sourceTree = "<group>"; };
		22B16A1E1E7BEB650012BAF0 /* Starscream.framework */ = {isa = PBXFileReference; lastKnownFileType = wrapper.framework; name = Starscream.framework; path = ../Carthage/Build/Mac/Starscream.framework; sourceTree = "<group>"; };
		22B16A1F1E7BEB650012BAF0 /* Alamofire.framework */ = {isa = PBXFileReference; lastKnownFileType = wrapper.framework; name = Alamofire.framework; path = ../Carthage/Build/Mac/Alamofire.framework; sourceTree = "<group>"; };
		22B16A271E7BEBD40012BAF0 /* Alamofire.framework.dSYM */ = {isa = PBXFileReference; lastKnownFileType = wrapper.dsym; name = Alamofire.framework.dSYM; path = ../Carthage/Build/Mac/Alamofire.framework.dSYM; sourceTree = "<group>"; };
		22B16A281E7BEBD40012BAF0 /* Starscream.framework.dSYM */ = {isa = PBXFileReference; lastKnownFileType = wrapper.dsym; name = Starscream.framework.dSYM; path = ../Carthage/Build/Mac/Starscream.framework.dSYM; sourceTree = "<group>"; };
		22B16A311E7BFCAF0012BAF0 /* Bond.framework.dSYM */ = {isa = PBXFileReference; lastKnownFileType = wrapper.dsym; name = Bond.framework.dSYM; path = ../Carthage/Build/Mac/Bond.framework.dSYM; sourceTree = "<group>"; };
		22B16A321E7BFCAF0012BAF0 /* ReactiveKit.framework.dSYM */ = {isa = PBXFileReference; lastKnownFileType = wrapper.dsym; name = ReactiveKit.framework.dSYM; path = ../Carthage/Build/Mac/ReactiveKit.framework.dSYM; sourceTree = "<group>"; };
		22B16A331E7BFCAF0012BAF0 /* Diff.framework.dSYM */ = {isa = PBXFileReference; lastKnownFileType = wrapper.dsym; name = Diff.framework.dSYM; path = ../Carthage/Build/Mac/Diff.framework.dSYM; sourceTree = "<group>"; };
		22B16A341E7BFCD50012BAF0 /* Bond.framework */ = {isa = PBXFileReference; lastKnownFileType = wrapper.framework; name = Bond.framework; path = ../Carthage/Build/Mac/Bond.framework; sourceTree = "<group>"; };
		22B16A351E7BFCD50012BAF0 /* ReactiveKit.framework */ = {isa = PBXFileReference; lastKnownFileType = wrapper.framework; name = ReactiveKit.framework; path = ../Carthage/Build/Mac/ReactiveKit.framework; sourceTree = "<group>"; };
		22B16A361E7BFCD50012BAF0 /* Diff.framework */ = {isa = PBXFileReference; lastKnownFileType = wrapper.framework; name = Diff.framework; path = ../Carthage/Build/Mac/Diff.framework; sourceTree = "<group>"; };
		22B16A3D1E7FD7550012BAF0 /* SecureTextFieldCell.swift */ = {isa = PBXFileReference; fileEncoding = 4; lastKnownFileType = sourcecode.swift; path = SecureTextFieldCell.swift; sourceTree = "<group>"; };
		22DA52A41E7A75AE00697725 /* TabButton.swift */ = {isa = PBXFileReference; fileEncoding = 4; lastKnownFileType = sourcecode.swift; path = TabButton.swift; sourceTree = "<group>"; };
		22DA52A61E7A9EA200697725 /* AppFonts */ = {isa = PBXFileReference; lastKnownFileType = folder; path = AppFonts; sourceTree = "<group>"; };
		22EDFCDA1E72A81700D221C7 /* NSStatusBarButton+Highlighting.swift */ = {isa = PBXFileReference; fileEncoding = 4; lastKnownFileType = sourcecode.swift; path = "NSStatusBarButton+Highlighting.swift"; sourceTree = "<group>"; };
/* End PBXFileReference section */

/* Begin PBXFrameworksBuildPhase section */
		2223DE161E30F74800D7B0FE /* Frameworks */ = {
			isa = PBXFrameworksBuildPhase;
			buildActionMask = 2147483647;
			files = (
				22B16A391E7BFCD50012BAF0 /* ReactiveKit.framework in Frameworks */,
				22B16A371E7BFCD50012BAF0 /* Bond.framework in Frameworks */,
				22B16A3B1E7BFCD50012BAF0 /* Diff.framework in Frameworks */,
				22B16A201E7BEB650012BAF0 /* Starscream.framework in Frameworks */,
				22B16A221E7BEB650012BAF0 /* Alamofire.framework in Frameworks */,
			);
			runOnlyForDeploymentPostprocessing = 0;
		};
		2223DE251E30F74900D7B0FE /* Frameworks */ = {
			isa = PBXFrameworksBuildPhase;
			buildActionMask = 2147483647;
			files = (
			);
			runOnlyForDeploymentPostprocessing = 0;
		};
		2223DE301E30F74900D7B0FE /* Frameworks */ = {
			isa = PBXFrameworksBuildPhase;
			buildActionMask = 2147483647;
			files = (
			);
			runOnlyForDeploymentPostprocessing = 0;
		};
/* End PBXFrameworksBuildPhase section */

/* Begin PBXGroup section */
		221E636F1E32395200944B1B /* Custom Controls */ = {
			isa = PBXGroup;
			children = (
				2283BBB61E77D31F0040A34E /* RoundedButton.swift */,
				22DA52A41E7A75AE00697725 /* TabButton.swift */,
				22B16A181E7AF2390012BAF0 /* RoundedView.swift */,
				22B16A3D1E7FD7550012BAF0 /* SecureTextFieldCell.swift */,
			);
			name = "Custom Controls";
			sourceTree = "<group>";
		};
		221E63761E36813B00944B1B /* Detachable Window */ = {
			isa = PBXGroup;
			children = (
				2223DE4B1E31177700D7B0FE /* DetachableWindow.swift */,
				221E63721E36125700944B1B /* ArrowWindow.swift */,
				2223DE491E30FC6C00D7B0FE /* EventMonitor.swift */,
				22EDFCDA1E72A81700D221C7 /* NSStatusBarButton+Highlighting.swift */,
			);
			name = "Detachable Window";
			sourceTree = "<group>";
		};
		2223DE101E30F74800D7B0FE = {
			isa = PBXGroup;
			children = (
				22B16A1C1E7BE7F60012BAF0 /* Cartfile */,
				2223DE1B1E30F74800D7B0FE /* FontYou */,
				2223DE2B1E30F74900D7B0FE /* FontYouTests */,
				2223DE361E30F74900D7B0FE /* FontYouUITests */,
				2223DE1A1E30F74800D7B0FE /* Products */,
			);
			sourceTree = "<group>";
		};
		2223DE1A1E30F74800D7B0FE /* Products */ = {
			isa = PBXGroup;
			children = (
				2223DE191E30F74800D7B0FE /* FontYou.app */,
				2223DE281E30F74900D7B0FE /* FontYouTests.xctest */,
				2223DE331E30F74900D7B0FE /* FontYouUITests.xctest */,
			);
			name = Products;
			sourceTree = "<group>";
		};
		2223DE1B1E30F74800D7B0FE /* FontYou */ = {
			isa = PBXGroup;
			children = (
				2223DE4F1E3129E000D7B0FE /* Constants.swift */,
				221E636D1E3237A500944B1B /* StyleKit.swift */,
				2223DE1C1E30F74800D7B0FE /* AppDelegate.swift */,
				2223DE451E30FA8A00D7B0FE /* MainViewController.swift */,
				2223DE461E30FA8A00D7B0FE /* MainViewController.xib */,
				221E63761E36813B00944B1B /* Detachable Window */,
				2223DE5B1E313B3100D7B0FE /* Logon View */,
				2223DE5C1E313B4600D7B0FE /* Listing View */,
				221E636F1E32395200944B1B /* Custom Controls */,
				22EDFCDC1E72A84E00D221C7 /* Extensions */,
				2275FE7E1E76A9AA00B357E7 /* FontStore */,
				2275FE771E76A8F400B357E7 /* FontUtility */,
				22B16A251E7BEB850012BAF0 /* Frameworks */,
				2275FE781E76A91000B357E7 /* FontYou-Bridging-Header.h */,
				22DA52A61E7A9EA200697725 /* AppFonts */,
				2275FE7C1E76A98A00B357E7 /* Fonts */,
				2223DE1E1E30F74800D7B0FE /* Assets.xcassets */,
				2223DE201E30F74800D7B0FE /* MainMenu.xib */,
				2223DE231E30F74800D7B0FE /* Info.plist */,
			);
			path = FontYou;
			sourceTree = "<group>";
		};
		2223DE2B1E30F74900D7B0FE /* FontYouTests */ = {
			isa = PBXGroup;
			children = (
				2223DE2C1E30F74900D7B0FE /* FontYouTests.swift */,
				2223DE2E1E30F74900D7B0FE /* Info.plist */,
			);
			path = FontYouTests;
			sourceTree = "<group>";
		};
		2223DE361E30F74900D7B0FE /* FontYouUITests */ = {
			isa = PBXGroup;
			children = (
				2223DE371E30F74900D7B0FE /* FontYouUITests.swift */,
				2223DE391E30F74900D7B0FE /* Info.plist */,
			);
			path = FontYouUITests;
			sourceTree = "<group>";
		};
		2223DE5B1E313B3100D7B0FE /* Logon View */ = {
			isa = PBXGroup;
			children = (
				2223DE531E312E1000D7B0FE /* LogonViewController.swift */,
				2223DE541E312E1000D7B0FE /* LogonViewController.xib */,
			);
			name = "Logon View";
			sourceTree = "<group>";
		};
		2223DE5C1E313B4600D7B0FE /* Listing View */ = {
			isa = PBXGroup;
			children = (
				2223DE571E312E4F00D7B0FE /* ListingViewController.swift */,
				2223DE581E312E4F00D7B0FE /* ListingViewController.xib */,
				2283BBB41E7734ED0040A34E /* OutlineView.swift */,
				2283BBB01E7709D90040A34E /* ListingRowView.swift */,
				2275FE811E77002700B357E7 /* FamilyCellView.swift */,
				2283BBB21E7711DD0040A34E /* FontCellView.swift */,
				2283BBB81E793C6F0040A34E /* IndicatorStackView.swift */,
			);
			name = "Listing View";
			sourceTree = "<group>";
		};
		2275FE771E76A8F400B357E7 /* FontUtility */ = {
			isa = PBXGroup;
			children = (
				2275FE791E76A91000B357E7 /* FontUtility.h */,
				2275FE7A1E76A91000B357E7 /* FontUtility.m */,
			);
			name = FontUtility;
			sourceTree = "<group>";
		};
		2275FE7E1E76A9AA00B357E7 /* FontStore */ = {
			isa = PBXGroup;
			children = (
				2275FE7F1E76A9C300B357E7 /* FontStore.swift */,
			);
			name = FontStore;
			sourceTree = "<group>";
		};
		22B16A251E7BEB850012BAF0 /* Frameworks */ = {
			isa = PBXGroup;
			children = (
				22B16A1E1E7BEB650012BAF0 /* Starscream.framework */,
				22B16A1F1E7BEB650012BAF0 /* Alamofire.framework */,
				22B16A341E7BFCD50012BAF0 /* Bond.framework */,
				22B16A351E7BFCD50012BAF0 /* ReactiveKit.framework */,
				22B16A361E7BFCD50012BAF0 /* Diff.framework */,
				22B16A311E7BFCAF0012BAF0 /* Bond.framework.dSYM */,
				22B16A321E7BFCAF0012BAF0 /* ReactiveKit.framework.dSYM */,
				22B16A331E7BFCAF0012BAF0 /* Diff.framework.dSYM */,
				22B16A271E7BEBD40012BAF0 /* Alamofire.framework.dSYM */,
				22B16A281E7BEBD40012BAF0 /* Starscream.framework.dSYM */,
			);
			name = Frameworks;
			sourceTree = "<group>";
		};
		22EDFCDC1E72A84E00D221C7 /* Extensions */ = {
			isa = PBXGroup;
			children = (
				2223DE621E31531C00D7B0FE /* NSView+BackgroundColored.swift */,
			);
			name = Extensions;
			sourceTree = "<group>";
		};
/* End PBXGroup section */

/* Begin PBXNativeTarget section */
		2223DE181E30F74800D7B0FE /* FontYou */ = {
			isa = PBXNativeTarget;
			buildConfigurationList = 2223DE3C1E30F74900D7B0FE /* Build configuration list for PBXNativeTarget "FontYou" */;
			buildPhases = (
				2223DE151E30F74800D7B0FE /* Sources */,
				2223DE161E30F74800D7B0FE /* Frameworks */,
				2223DE171E30F74800D7B0FE /* Resources */,
				22B16A241E7BEB650012BAF0 /* Embed Frameworks */,
				22B16A261E7BEBAF0012BAF0 /* CopyFiles */,
			);
			buildRules = (
			);
			dependencies = (
			);
			name = FontYou;
			productName = FontYou;
			productReference = 2223DE191E30F74800D7B0FE /* FontYou.app */;
			productType = "com.apple.product-type.application";
		};
		2223DE271E30F74900D7B0FE /* FontYouTests */ = {
			isa = PBXNativeTarget;
			buildConfigurationList = 2223DE3F1E30F74900D7B0FE /* Build configuration list for PBXNativeTarget "FontYouTests" */;
			buildPhases = (
				2223DE241E30F74900D7B0FE /* Sources */,
				2223DE251E30F74900D7B0FE /* Frameworks */,
				2223DE261E30F74900D7B0FE /* Resources */,
			);
			buildRules = (
			);
			dependencies = (
				2223DE2A1E30F74900D7B0FE /* PBXTargetDependency */,
			);
			name = FontYouTests;
			productName = FontYouTests;
			productReference = 2223DE281E30F74900D7B0FE /* FontYouTests.xctest */;
			productType = "com.apple.product-type.bundle.unit-test";
		};
		2223DE321E30F74900D7B0FE /* FontYouUITests */ = {
			isa = PBXNativeTarget;
			buildConfigurationList = 2223DE421E30F74900D7B0FE /* Build configuration list for PBXNativeTarget "FontYouUITests" */;
			buildPhases = (
				2223DE2F1E30F74900D7B0FE /* Sources */,
				2223DE301E30F74900D7B0FE /* Frameworks */,
				2223DE311E30F74900D7B0FE /* Resources */,
			);
			buildRules = (
			);
			dependencies = (
				2223DE351E30F74900D7B0FE /* PBXTargetDependency */,
			);
			name = FontYouUITests;
			productName = FontYouUITests;
			productReference = 2223DE331E30F74900D7B0FE /* FontYouUITests.xctest */;
			productType = "com.apple.product-type.bundle.ui-testing";
		};
/* End PBXNativeTarget section */

/* Begin PBXProject section */
		2223DE111E30F74800D7B0FE /* Project object */ = {
			isa = PBXProject;
			attributes = {
				LastSwiftUpdateCheck = 0820;
				LastUpgradeCheck = 0820;
				ORGANIZATIONNAME = "Arctic Whiteness";
				TargetAttributes = {
					2223DE181E30F74800D7B0FE = {
						CreatedOnToolsVersion = 8.2.1;
						DevelopmentTeam = MXZ782EHFK;
						LastSwiftMigration = 0820;
						ProvisioningStyle = Automatic;
					};
					2223DE271E30F74900D7B0FE = {
						CreatedOnToolsVersion = 8.2.1;
						DevelopmentTeam = MXZ782EHFK;
						LastSwiftMigration = 0820;
						ProvisioningStyle = Automatic;
						TestTargetID = 2223DE181E30F74800D7B0FE;
					};
					2223DE321E30F74900D7B0FE = {
						CreatedOnToolsVersion = 8.2.1;
						DevelopmentTeam = MXZ782EHFK;
						LastSwiftMigration = 0820;
						ProvisioningStyle = Automatic;
						TestTargetID = 2223DE181E30F74800D7B0FE;
					};
				};
			};
			buildConfigurationList = 2223DE141E30F74800D7B0FE /* Build configuration list for PBXProject "FontYou" */;
			compatibilityVersion = "Xcode 3.2";
			developmentRegion = English;
			hasScannedForEncodings = 0;
			knownRegions = (
				en,
				Base,
			);
			mainGroup = 2223DE101E30F74800D7B0FE;
			productRefGroup = 2223DE1A1E30F74800D7B0FE /* Products */;
			projectDirPath = "";
			projectRoot = "";
			targets = (
				2223DE181E30F74800D7B0FE /* FontYou */,
				2223DE271E30F74900D7B0FE /* FontYouTests */,
				2223DE321E30F74900D7B0FE /* FontYouUITests */,
			);
		};
/* End PBXProject section */

/* Begin PBXResourcesBuildPhase section */
		2223DE171E30F74800D7B0FE /* Resources */ = {
			isa = PBXResourcesBuildPhase;
			buildActionMask = 2147483647;
			files = (
				2223DE1F1E30F74800D7B0FE /* Assets.xcassets in Resources */,
				2223DE5A1E312E4F00D7B0FE /* ListingViewController.xib in Resources */,
				22B16A1D1E7BE7F60012BAF0 /* Cartfile in Resources */,
				2223DE481E30FA8A00D7B0FE /* MainViewController.xib in Resources */,
				2223DE561E312E1000D7B0FE /* LogonViewController.xib in Resources */,
				2275FE7D1E76A98A00B357E7 /* Fonts in Resources */,
				2223DE221E30F74800D7B0FE /* MainMenu.xib in Resources */,
				22DA52A71E7A9EA200697725 /* AppFonts in Resources */,
			);
			runOnlyForDeploymentPostprocessing = 0;
		};
		2223DE261E30F74900D7B0FE /* Resources */ = {
			isa = PBXResourcesBuildPhase;
			buildActionMask = 2147483647;
			files = (
			);
			runOnlyForDeploymentPostprocessing = 0;
		};
		2223DE311E30F74900D7B0FE /* Resources */ = {
			isa = PBXResourcesBuildPhase;
			buildActionMask = 2147483647;
			files = (
			);
			runOnlyForDeploymentPostprocessing = 0;
		};
/* End PBXResourcesBuildPhase section */

/* Begin PBXSourcesBuildPhase section */
		2223DE151E30F74800D7B0FE /* Sources */ = {
			isa = PBXSourcesBuildPhase;
			buildActionMask = 2147483647;
			files = (
				2223DE551E312E1000D7B0FE /* LogonViewController.swift in Sources */,
				2223DE501E3129E000D7B0FE /* Constants.swift in Sources */,
				22B16A191E7AF2390012BAF0 /* RoundedView.swift in Sources */,
				2223DE4C1E31177700D7B0FE /* DetachableWindow.swift in Sources */,
				221E63731E36125700944B1B /* ArrowWindow.swift in Sources */,
				2223DE4A1E30FC6C00D7B0FE /* EventMonitor.swift in Sources */,
				2223DE591E312E4F00D7B0FE /* ListingViewController.swift in Sources */,
				22DA52A51E7A75AE00697725 /* TabButton.swift in Sources */,
				2223DE1D1E30F74800D7B0FE /* AppDelegate.swift in Sources */,
				2283BBB91E793C6F0040A34E /* IndicatorStackView.swift in Sources */,
				2223DE631E31531C00D7B0FE /* NSView+BackgroundColored.swift in Sources */,
				2283BBB31E7711DD0040A34E /* FontCellView.swift in Sources */,
				2223DE471E30FA8A00D7B0FE /* MainViewController.swift in Sources */,
				2283BBB71E77D31F0040A34E /* RoundedButton.swift in Sources */,
				22B16A3E1E7FD7550012BAF0 /* SecureTextFieldCell.swift in Sources */,
				221E636E1E3237A500944B1B /* StyleKit.swift in Sources */,
				2283BBB11E7709D90040A34E /* ListingRowView.swift in Sources */,
				2275FE7B1E76A91000B357E7 /* FontUtility.m in Sources */,
				2275FE821E77002700B357E7 /* FamilyCellView.swift in Sources */,
				2283BBB51E7734ED0040A34E /* OutlineView.swift in Sources */,
				22EDFCDB1E72A81700D221C7 /* NSStatusBarButton+Highlighting.swift in Sources */,
				2275FE801E76A9C300B357E7 /* FontStore.swift in Sources */,
			);
			runOnlyForDeploymentPostprocessing = 0;
		};
		2223DE241E30F74900D7B0FE /* Sources */ = {
			isa = PBXSourcesBuildPhase;
			buildActionMask = 2147483647;
			files = (
				2223DE2D1E30F74900D7B0FE /* FontYouTests.swift in Sources */,
			);
			runOnlyForDeploymentPostprocessing = 0;
		};
		2223DE2F1E30F74900D7B0FE /* Sources */ = {
			isa = PBXSourcesBuildPhase;
			buildActionMask = 2147483647;
			files = (
				2223DE381E30F74900D7B0FE /* FontYouUITests.swift in Sources */,
			);
			runOnlyForDeploymentPostprocessing = 0;
		};
/* End PBXSourcesBuildPhase section */

/* Begin PBXTargetDependency section */
		2223DE2A1E30F74900D7B0FE /* PBXTargetDependency */ = {
			isa = PBXTargetDependency;
			target = 2223DE181E30F74800D7B0FE /* FontYou */;
			targetProxy = 2223DE291E30F74900D7B0FE /* PBXContainerItemProxy */;
		};
		2223DE351E30F74900D7B0FE /* PBXTargetDependency */ = {
			isa = PBXTargetDependency;
			target = 2223DE181E30F74800D7B0FE /* FontYou */;
			targetProxy = 2223DE341E30F74900D7B0FE /* PBXContainerItemProxy */;
		};
/* End PBXTargetDependency section */

/* Begin PBXVariantGroup section */
		2223DE201E30F74800D7B0FE /* MainMenu.xib */ = {
			isa = PBXVariantGroup;
			children = (
				2223DE211E30F74800D7B0FE /* Base */,
			);
			name = MainMenu.xib;
			sourceTree = "<group>";
		};
/* End PBXVariantGroup section */

/* Begin XCBuildConfiguration section */
		2223DE3A1E30F74900D7B0FE /* Debug */ = {
			isa = XCBuildConfiguration;
			buildSettings = {
				ALWAYS_SEARCH_USER_PATHS = NO;
				CLANG_ANALYZER_NONNULL = YES;
				CLANG_CXX_LANGUAGE_STANDARD = "gnu++0x";
				CLANG_CXX_LIBRARY = "libc++";
				CLANG_ENABLE_MODULES = YES;
				CLANG_ENABLE_OBJC_ARC = YES;
				CLANG_WARN_BOOL_CONVERSION = YES;
				CLANG_WARN_CONSTANT_CONVERSION = YES;
				CLANG_WARN_DIRECT_OBJC_ISA_USAGE = YES_ERROR;
				CLANG_WARN_DOCUMENTATION_COMMENTS = YES;
				CLANG_WARN_EMPTY_BODY = YES;
				CLANG_WARN_ENUM_CONVERSION = YES;
				CLANG_WARN_INFINITE_RECURSION = YES;
				CLANG_WARN_INT_CONVERSION = YES;
				CLANG_WARN_OBJC_ROOT_CLASS = YES_ERROR;
				CLANG_WARN_SUSPICIOUS_MOVE = YES;
				CLANG_WARN_UNREACHABLE_CODE = YES;
				CLANG_WARN__DUPLICATE_METHOD_MATCH = YES;
				CODE_SIGN_IDENTITY = "-";
				COPY_PHASE_STRIP = NO;
				DEBUG_INFORMATION_FORMAT = dwarf;
				ENABLE_STRICT_OBJC_MSGSEND = YES;
				ENABLE_TESTABILITY = YES;
				GCC_C_LANGUAGE_STANDARD = gnu99;
				GCC_DYNAMIC_NO_PIC = NO;
				GCC_NO_COMMON_BLOCKS = YES;
				GCC_OPTIMIZATION_LEVEL = 0;
				GCC_PREPROCESSOR_DEFINITIONS = (
					"DEBUG=1",
					"$(inherited)",
				);
				GCC_WARN_64_TO_32_BIT_CONVERSION = YES;
				GCC_WARN_ABOUT_RETURN_TYPE = YES_ERROR;
				GCC_WARN_UNDECLARED_SELECTOR = YES;
				GCC_WARN_UNINITIALIZED_AUTOS = YES_AGGRESSIVE;
				GCC_WARN_UNUSED_FUNCTION = YES;
				GCC_WARN_UNUSED_VARIABLE = YES;
				MACOSX_DEPLOYMENT_TARGET = 10.12;
				MTL_ENABLE_DEBUG_INFO = YES;
				ONLY_ACTIVE_ARCH = YES;
				SDKROOT = macosx;
				SWIFT_ACTIVE_COMPILATION_CONDITIONS = DEBUG;
				SWIFT_OPTIMIZATION_LEVEL = "-Onone";
			};
			name = Debug;
		};
		2223DE3B1E30F74900D7B0FE /* Release */ = {
			isa = XCBuildConfiguration;
			buildSettings = {
				ALWAYS_SEARCH_USER_PATHS = NO;
				CLANG_ANALYZER_NONNULL = YES;
				CLANG_CXX_LANGUAGE_STANDARD = "gnu++0x";
				CLANG_CXX_LIBRARY = "libc++";
				CLANG_ENABLE_MODULES = YES;
				CLANG_ENABLE_OBJC_ARC = YES;
				CLANG_WARN_BOOL_CONVERSION = YES;
				CLANG_WARN_CONSTANT_CONVERSION = YES;
				CLANG_WARN_DIRECT_OBJC_ISA_USAGE = YES_ERROR;
				CLANG_WARN_DOCUMENTATION_COMMENTS = YES;
				CLANG_WARN_EMPTY_BODY = YES;
				CLANG_WARN_ENUM_CONVERSION = YES;
				CLANG_WARN_INFINITE_RECURSION = YES;
				CLANG_WARN_INT_CONVERSION = YES;
				CLANG_WARN_OBJC_ROOT_CLASS = YES_ERROR;
				CLANG_WARN_SUSPICIOUS_MOVE = YES;
				CLANG_WARN_UNREACHABLE_CODE = YES;
				CLANG_WARN__DUPLICATE_METHOD_MATCH = YES;
				CODE_SIGN_IDENTITY = "-";
				COPY_PHASE_STRIP = NO;
				DEBUG_INFORMATION_FORMAT = "dwarf-with-dsym";
				ENABLE_NS_ASSERTIONS = NO;
				ENABLE_STRICT_OBJC_MSGSEND = YES;
				GCC_C_LANGUAGE_STANDARD = gnu99;
				GCC_NO_COMMON_BLOCKS = YES;
				GCC_WARN_64_TO_32_BIT_CONVERSION = YES;
				GCC_WARN_ABOUT_RETURN_TYPE = YES_ERROR;
				GCC_WARN_UNDECLARED_SELECTOR = YES;
				GCC_WARN_UNINITIALIZED_AUTOS = YES_AGGRESSIVE;
				GCC_WARN_UNUSED_FUNCTION = YES;
				GCC_WARN_UNUSED_VARIABLE = YES;
				MACOSX_DEPLOYMENT_TARGET = 10.12;
				MTL_ENABLE_DEBUG_INFO = NO;
				SDKROOT = macosx;
				SWIFT_OPTIMIZATION_LEVEL = "-Owholemodule";
			};
			name = Release;
		};
		2223DE3D1E30F74900D7B0FE /* Debug */ = {
			isa = XCBuildConfiguration;
			buildSettings = {
				ASSETCATALOG_COMPILER_APPICON_NAME = AppIcon;
				CLANG_ENABLE_MODULES = YES;
				COMBINE_HIDPI_IMAGES = YES;
				DEVELOPMENT_TEAM = MXZ782EHFK;
				FRAMEWORK_SEARCH_PATHS = (
					"$(inherited)",
					"$(PROJECT_DIR)/Carthage/Build/Mac",
				);
				INFOPLIST_FILE = FontYou/Info.plist;
				LD_RUNPATH_SEARCH_PATHS = "$(inherited) @executable_path/../Frameworks";
				PRODUCT_BUNDLE_IDENTIFIER = com.arcticwhiteness.FontYou;
				PRODUCT_NAME = "$(TARGET_NAME)";
				SWIFT_OBJC_BRIDGING_HEADER = "FontYou/FontYou-Bridging-Header.h";
				SWIFT_OPTIMIZATION_LEVEL = "-Onone";
				SWIFT_VERSION = 3.0;
			};
			name = Debug;
		};
		2223DE3E1E30F74900D7B0FE /* Release */ = {
			isa = XCBuildConfiguration;
			buildSettings = {
				ASSETCATALOG_COMPILER_APPICON_NAME = AppIcon;
				CLANG_ENABLE_MODULES = YES;
				COMBINE_HIDPI_IMAGES = YES;
				DEVELOPMENT_TEAM = MXZ782EHFK;
				FRAMEWORK_SEARCH_PATHS = (
					"$(inherited)",
					"$(PROJECT_DIR)/Carthage/Build/Mac",
				);
				INFOPLIST_FILE = FontYou/Info.plist;
				LD_RUNPATH_SEARCH_PATHS = "$(inherited) @executable_path/../Frameworks";
				PRODUCT_BUNDLE_IDENTIFIER = com.arcticwhiteness.FontYou;
				PRODUCT_NAME = "$(TARGET_NAME)";
				SWIFT_OBJC_BRIDGING_HEADER = "FontYou/FontYou-Bridging-Header.h";
				SWIFT_VERSION = 3.0;
			};
			name = Release;
		};
		2223DE401E30F74900D7B0FE /* Debug */ = {
			isa = XCBuildConfiguration;
			buildSettings = {
				ALWAYS_EMBED_SWIFT_STANDARD_LIBRARIES = YES;
				BUNDLE_LOADER = "$(TEST_HOST)";
				COMBINE_HIDPI_IMAGES = YES;
				DEVELOPMENT_TEAM = MXZ782EHFK;
				INFOPLIST_FILE = FontYouTests/Info.plist;
				LD_RUNPATH_SEARCH_PATHS = "$(inherited) @executable_path/../Frameworks @loader_path/../Frameworks";
				PRODUCT_BUNDLE_IDENTIFIER = com.arcticwhiteness.FontYouTests;
				PRODUCT_NAME = "$(TARGET_NAME)";
				SWIFT_VERSION = 3.0;
				TEST_HOST = "$(BUILT_PRODUCTS_DIR)/FontYou.app/Contents/MacOS/FontYou";
			};
			name = Debug;
		};
		2223DE411E30F74900D7B0FE /* Release */ = {
			isa = XCBuildConfiguration;
			buildSettings = {
				ALWAYS_EMBED_SWIFT_STANDARD_LIBRARIES = YES;
				BUNDLE_LOADER = "$(TEST_HOST)";
				COMBINE_HIDPI_IMAGES = YES;
				DEVELOPMENT_TEAM = MXZ782EHFK;
				INFOPLIST_FILE = FontYouTests/Info.plist;
				LD_RUNPATH_SEARCH_PATHS = "$(inherited) @executable_path/../Frameworks @loader_path/../Frameworks";
				PRODUCT_BUNDLE_IDENTIFIER = com.arcticwhiteness.FontYouTests;
				PRODUCT_NAME = "$(TARGET_NAME)";
				SWIFT_VERSION = 3.0;
				TEST_HOST = "$(BUILT_PRODUCTS_DIR)/FontYou.app/Contents/MacOS/FontYou";
			};
			name = Release;
		};
		2223DE431E30F74900D7B0FE /* Debug */ = {
			isa = XCBuildConfiguration;
			buildSettings = {
				ALWAYS_EMBED_SWIFT_STANDARD_LIBRARIES = YES;
				COMBINE_HIDPI_IMAGES = YES;
				DEVELOPMENT_TEAM = MXZ782EHFK;
				INFOPLIST_FILE = FontYouUITests/Info.plist;
				LD_RUNPATH_SEARCH_PATHS = "$(inherited) @executable_path/../Frameworks @loader_path/../Frameworks";
				PRODUCT_BUNDLE_IDENTIFIER = com.arcticwhiteness.FontYouUITests;
				PRODUCT_NAME = "$(TARGET_NAME)";
				SWIFT_VERSION = 3.0;
				TEST_TARGET_NAME = FontYou;
			};
			name = Debug;
		};
		2223DE441E30F74900D7B0FE /* Release */ = {
			isa = XCBuildConfiguration;
			buildSettings = {
				ALWAYS_EMBED_SWIFT_STANDARD_LIBRARIES = YES;
				COMBINE_HIDPI_IMAGES = YES;
				DEVELOPMENT_TEAM = MXZ782EHFK;
				INFOPLIST_FILE = FontYouUITests/Info.plist;
				LD_RUNPATH_SEARCH_PATHS = "$(inherited) @executable_path/../Frameworks @loader_path/../Frameworks";
				PRODUCT_BUNDLE_IDENTIFIER = com.arcticwhiteness.FontYouUITests;
				PRODUCT_NAME = "$(TARGET_NAME)";
				SWIFT_VERSION = 3.0;
				TEST_TARGET_NAME = FontYou;
			};
			name = Release;
		};
/* End XCBuildConfiguration section */

/* Begin XCConfigurationList section */
		2223DE141E30F74800D7B0FE /* Build configuration list for PBXProject "FontYou" */ = {
			isa = XCConfigurationList;
			buildConfigurations = (
				2223DE3A1E30F74900D7B0FE /* Debug */,
				2223DE3B1E30F74900D7B0FE /* Release */,
			);
			defaultConfigurationIsVisible = 0;
			defaultConfigurationName = Release;
		};
		2223DE3C1E30F74900D7B0FE /* Build configuration list for PBXNativeTarget "FontYou" */ = {
			isa = XCConfigurationList;
			buildConfigurations = (
				2223DE3D1E30F74900D7B0FE /* Debug */,
				2223DE3E1E30F74900D7B0FE /* Release */,
			);
			defaultConfigurationIsVisible = 0;
			defaultConfigurationName = Release;
		};
		2223DE3F1E30F74900D7B0FE /* Build configuration list for PBXNativeTarget "FontYouTests" */ = {
			isa = XCConfigurationList;
			buildConfigurations = (
				2223DE401E30F74900D7B0FE /* Debug */,
				2223DE411E30F74900D7B0FE /* Release */,
			);
			defaultConfigurationIsVisible = 0;
			defaultConfigurationName = Release;
		};
		2223DE421E30F74900D7B0FE /* Build configuration list for PBXNativeTarget "FontYouUITests" */ = {
			isa = XCConfigurationList;
			buildConfigurations = (
				2223DE431E30F74900D7B0FE /* Debug */,
				2223DE441E30F74900D7B0FE /* Release */,
			);
			defaultConfigurationIsVisible = 0;
			defaultConfigurationName = Release;
		};
/* End XCConfigurationList section */
	};
	rootObject = 2223DE111E30F74800D7B0FE /* Project object */;
}
